{
  "spec/activerecord/transactionable_spec.rb:1383639628": [
    [10, 3, 38, "RSpec/LeakyConstantDeclaration: Stub class constant instead of declaring explicitly.", 1427426275],
    [12, 3, 39, "RSpec/LeakyConstantDeclaration: Stub class constant instead of declaring explicitly.", 1015012529],
    [14, 3, 41, "RSpec/LeakyConstantDeclaration: Stub class constant instead of declaring explicitly.", 3707835831],
    [16, 3, 746, "RSpec/LeakyConstantDeclaration: Stub class constant instead of declaring explicitly.", 254696731],
    [24, 5, 57, "Style/ClassMethodsDefinitions: Use `class << self` to define a class method.", 2678400454],
    [32, 5, 45, "Style/ClassMethodsDefinitions: Use `class << self` to define a class method.", 3981771342],
    [41, 5, 67, "Style/ClassMethodsDefinitions: Use `class << self` to define a class method.", 3408663461],
    [49, 5, 56, "Style/ClassMethodsDefinitions: Use `class << self` to define a class method.", 3780010800],
    [50, 7, 7, "ThreadSafety/InstanceVariableInClassMethod: Avoid instance variables in class methods.", 842193521],
    [53, 5, 134, "Style/ClassMethodsDefinitions: Use `class << self` to define a class method.", 266726913],
    [54, 20, 7, "RSpec/InstanceVariable: Avoid instance variables - use let, a method call, or a local variable (if possible).", 842193521],
    [54, 20, 7, "ThreadSafety/InstanceVariableInClassMethod: Avoid instance variables in class methods.", 842193521],
    [55, 7, 7, "ThreadSafety/InstanceVariableInClassMethod: Avoid instance variables in class methods.", 842193521],
    [57, 7, 7, "ThreadSafety/InstanceVariableInClassMethod: Avoid instance variables in class methods.", 842193521],
    [61, 3, 1283, "RSpec/LeakyConstantDeclaration: Stub class constant instead of declaring explicitly.", 4133608299],
    [84, 5, 116, "Style/ClassMethodsDefinitions: Use `class << self` to define a class method.", 875176006],
    [90, 5, 112, "Style/ClassMethodsDefinitions: Use `class << self` to define a class method.", 1151715806],
    [96, 5, 271, "Style/ClassMethodsDefinitions: Use `class << self` to define a class method.", 564333895],
    [106, 5, 147, "Style/ClassMethodsDefinitions: Use `class << self` to define a class method.", 148507851],
    [118, 5, 56, "Style/ClassMethodsDefinitions: Use `class << self` to define a class method.", 3780010800],
    [119, 7, 7, "ThreadSafety/InstanceVariableInClassMethod: Avoid instance variables in class methods.", 842193521],
    [123, 11, 28, "RSpec/ContextWording: Context description should match /^when\\b/, /^with\\b/, or /^without\\b/.", 4065370886],
    [133, 37, 2, "RSpec/BeEq: Prefer `be` over `eq`.", 5860785],
    [136, 7, 19, "RSpec/NestedGroups: Maximum example group nesting exceeded [4/3].", 2902812180],
    [143, 7, 19, "RSpec/NestedGroups: Maximum example group nesting exceeded [4/3].", 2902811951],
    [150, 7, 27, "RSpec/NestedGroups: Maximum example group nesting exceeded [4/3].", 3828478380],
    [160, 7, 44, "RSpec/NestedGroups: Maximum example group nesting exceeded [4/3].", 682221552],
    [179, 7, 27, "RSpec/NestedGroups: Maximum example group nesting exceeded [4/3].", 1362582053],
    [199, 9, 363, "RSpec/ExampleLength: Example has too many lines. [10/5]", 2848213936],
    [215, 11, 28, "RSpec/ContextWording: Context description should match /^when\\b/, /^with\\b/, or /^without\\b/.", 948841545],
    [236, 37, 2, "RSpec/BeEq: Prefer `be` over `eq`.", 5860785],
    [246, 11, 33, "RSpec/ContextWording: Context description should match /^when\\b/, /^with\\b/, or /^without\\b/.", 981636291],
    [269, 7, 386, "RSpec/ExampleLength: Example has too many lines. [10/5]", 3175877837],
    [290, 51, 7, "RSpec/MessageSpies: Prefer `have_received` for setting message expectations. Setup `TransactionableIceCream.logger` as a spy using `allow` or `instance_spy`.", 1384559950],
    [294, 7, 19, "RSpec/NestedGroups: Maximum example group nesting exceeded [4/3].", 2912876755],
    [306, 9, 420, "RSpec/ExampleLength: Example has too many lines. [10/5]", 205805094],
    [326, 9, 402, "RSpec/ExampleLength: Example has too many lines. [7/5]", 205121176],
    [327, 53, 7, "RSpec/MessageSpies: Prefer `have_received` for setting message expectations. Setup `TransactionableIceCream.logger` as a spy using `allow` or `instance_spy`.", 1384559950],
    [339, 11, 35, "RSpec/ContextWording: Context description should match /^when\\b/, /^with\\b/, or /^without\\b/.", 1604156303],
    [349, 7, 24, "RSpec/NestedGroups: Maximum example group nesting exceeded [4/3].", 1236445221],
    [349, 15, 16, "RSpec/ContextWording: Context description should match /^when\\b/, /^with\\b/, or /^without\\b/.", 3947873018],
    [361, 9, 424, "RSpec/ExampleLength: Example has too many lines. [10/5]", 2443005158],
    [380, 9, 19, "RSpec/NestedGroups: Maximum example group nesting exceeded [5/3].", 2912876755],
    [387, 11, 256, "RSpec/ExampleLength: Example has too many lines. [6/5]", 1515990794],
    [396, 11, 515, "RSpec/ExampleLength: Example has too many lines. [14/5]", 1268430427],
    [420, 9, 20, "RSpec/NestedGroups: Maximum example group nesting exceeded [5/3].", 1511761934],
    [420, 17, 12, "RSpec/ContextWording: Context description should match /^when\\b/, /^with\\b/, or /^without\\b/.", 3386309265],
    [427, 11, 16, "RSpec/MultipleExpectations: Example has too many expectations [2/1].", 895714038],
    [428, 55, 7, "RSpec/MessageSpies: Prefer `have_received` for setting message expectations. Setup `TransactionableIceCream.logger` as a spy using `allow` or `instance_spy`.", 1384559950],
    [434, 11, 19, "RSpec/NestedGroups: Maximum example group nesting exceeded [6/3].", 2912876755],
    [435, 13, 294, "RSpec/ExampleLength: Example has too many lines. [7/5]", 2813403954],
    [445, 13, 16, "RSpec/MultipleExpectations: Example has too many expectations [2/1].", 895714038],
    [445, 13, 505, "RSpec/ExampleLength: Example has too many lines. [8/5]", 3934210611],
    [446, 57, 7, "RSpec/MessageSpies: Prefer `have_received` for setting message expectations. Setup `TransactionableIceCream.logger` as a spy using `allow` or `instance_spy`.", 1384559950],
    [458, 9, 28, "RSpec/NestedGroups: Maximum example group nesting exceeded [5/3].", 3173353092],
    [458, 17, 20, "RSpec/ContextWording: Context description should match /^when\\b/, /^with\\b/, or /^without\\b/.", 3278105371],
    [465, 11, 16, "RSpec/MultipleExpectations: Example has too many expectations [2/1].", 895714038],
    [466, 55, 7, "RSpec/MessageSpies: Prefer `have_received` for setting message expectations. Setup `TransactionableIceCream.logger` as a spy using `allow` or `instance_spy`.", 1384559950],
    [472, 11, 19, "RSpec/NestedGroups: Maximum example group nesting exceeded [6/3].", 2912876755],
    [473, 13, 302, "RSpec/ExampleLength: Example has too many lines. [7/5]", 1527522610],
    [483, 13, 16, "RSpec/MultipleExpectations: Example has too many expectations [2/1].", 895714038],
    [483, 13, 514, "RSpec/ExampleLength: Example has too many lines. [8/5]", 3911504046],
    [484, 57, 7, "RSpec/MessageSpies: Prefer `have_received` for setting message expectations. Setup `TransactionableIceCream.logger` as a spy using `allow` or `instance_spy`.", 1384559950],
    [496, 9, 19, "RSpec/NestedGroups: Maximum example group nesting exceeded [5/3].", 4211672168],
    [496, 17, 11, "RSpec/ContextWording: Context description should match /^when\\b/, /^with\\b/, or /^without\\b/.", 2822593943],
    [497, 11, 20, "RSpec/NestedGroups: Maximum example group nesting exceeded [6/3].", 3091488578],
    [497, 19, 12, "RSpec/ContextWording: Context description should match /^when\\b/, /^with\\b/, or /^without\\b/.", 1406026333],
    [509, 13, 466, "RSpec/ExampleLength: Example has too many lines. [10/5]", 2471300964],
    [522, 13, 24, "RSpec/MultipleExpectations: Example has too many expectations [2/1].", 717748961],
    [523, 57, 7, "RSpec/MessageSpies: Prefer `have_received` for setting message expectations. Setup `TransactionableIceCream.logger` as a spy using `allow` or `instance_spy`.", 1384559950],
    [524, 57, 7, "RSpec/MessageSpies: Prefer `have_received` for setting message expectations. Setup `TransactionableIceCream.logger` as a spy using `allow` or `instance_spy`.", 1384559950],
    [528, 13, 19, "RSpec/NestedGroups: Maximum example group nesting exceeded [7/3].", 2912876755],
    [529, 15, 309, "RSpec/ExampleLength: Example has too many lines. [7/5]", 1142022441],
    [539, 15, 286, "RSpec/ExampleLength: Example has too many lines. [6/5]", 3830655186],
    [548, 15, 573, "RSpec/ExampleLength: Example has too many lines. [14/5]", 2815639898],
    [565, 15, 24, "RSpec/MultipleExpectations: Example has too many expectations [2/1].", 717748961],
    [565, 15, 632, "RSpec/ExampleLength: Example has too many lines. [7/5]", 1753302291],
    [566, 59, 7, "RSpec/MessageSpies: Prefer `have_received` for setting message expectations. Setup `TransactionableIceCream.logger` as a spy using `allow` or `instance_spy`.", 1384559950],
    [567, 59, 7, "RSpec/MessageSpies: Prefer `have_received` for setting message expectations. Setup `TransactionableIceCream.logger` as a spy using `allow` or `instance_spy`.", 1384559950],
    [577, 11, 16, "RSpec/NestedGroups: Maximum example group nesting exceeded [6/3].", 2192760631],
    [577, 19, 8, "RSpec/ContextWording: Context description should match /^when\\b/, /^with\\b/, or /^without\\b/.", 3640425704],
    [578, 13, 21, "RSpec/NestedGroups: Maximum example group nesting exceeded [7/3].", 3481543373],
    [578, 21, 13, "RSpec/ContextWording: Context description should match /^when\\b/, /^with\\b/, or /^without\\b/.", 345482290],
    [586, 26, 7, "RSpec/NamedSubject: Name your test subject if you need to reference it explicitly.", 1892732441],
    [590, 24, 7, "RSpec/NamedSubject: Name your test subject if you need to reference it explicitly.", 1892732441],
    [593, 15, 366, "RSpec/ExampleLength: Example has too many lines. [9/5]", 2559724949],
    [594, 24, 7, "RSpec/NamedSubject: Name your test subject if you need to reference it explicitly.", 1892732441],
    [605, 15, 24, "RSpec/MultipleExpectations: Example has too many expectations [2/1].", 717748961],
    [606, 59, 7, "RSpec/MessageSpies: Prefer `have_received` for setting message expectations. Setup `TransactionableIceCream.logger` as a spy using `allow` or `instance_spy`.", 1384559950],
    [607, 59, 7, "RSpec/MessageSpies: Prefer `have_received` for setting message expectations. Setup `TransactionableIceCream.logger` as a spy using `allow` or `instance_spy`.", 1384559950],
    [608, 17, 7, "RSpec/NamedSubject: Name your test subject if you need to reference it explicitly.", 1892732441],
    [611, 15, 19, "RSpec/NestedGroups: Maximum example group nesting exceeded [8/3].", 2912876755],
    [623, 28, 7, "RSpec/NamedSubject: Name your test subject if you need to reference it explicitly.", 1892732441],
    [626, 40, 7, "RSpec/NamedSubject: Name your test subject if you need to reference it explicitly.", 1892732441],
    [628, 17, 386, "RSpec/ExampleLength: Example has too many lines. [9/5]", 1031183637],
    [629, 26, 7, "RSpec/NamedSubject: Name your test subject if you need to reference it explicitly.", 1892732441],
    [640, 17, 24, "RSpec/MultipleExpectations: Example has too many expectations [2/1].", 717748961],
    [641, 61, 7, "RSpec/MessageSpies: Prefer `have_received` for setting message expectations. Setup `TransactionableIceCream.logger` as a spy using `allow` or `instance_spy`.", 1384559950],
    [642, 61, 7, "RSpec/MessageSpies: Prefer `have_received` for setting message expectations. Setup `TransactionableIceCream.logger` as a spy using `allow` or `instance_spy`.", 1384559950],
    [643, 19, 7, "RSpec/NamedSubject: Name your test subject if you need to reference it explicitly.", 1892732441],
    [648, 13, 21, "RSpec/NestedGroups: Maximum example group nesting exceeded [7/3].", 2481672522],
    [648, 21, 13, "RSpec/ContextWording: Context description should match /^when\\b/, /^with\\b/, or /^without\\b/.", 240891317],
    [656, 26, 7, "RSpec/NamedSubject: Name your test subject if you need to reference it explicitly.", 1892732441],
    [660, 24, 7, "RSpec/NamedSubject: Name your test subject if you need to reference it explicitly.", 1892732441],
    [663, 15, 367, "RSpec/ExampleLength: Example has too many lines. [9/5]", 2559724949],
    [664, 24, 7, "RSpec/NamedSubject: Name your test subject if you need to reference it explicitly.", 1892732441],
    [675, 15, 19, "RSpec/NestedGroups: Maximum example group nesting exceeded [8/3].", 2912876755],
    [683, 28, 7, "RSpec/NamedSubject: Name your test subject if you need to reference it explicitly.", 1892732441],
    [686, 40, 7, "RSpec/NamedSubject: Name your test subject if you need to reference it explicitly.", 1892732441],
    [688, 17, 387, "RSpec/ExampleLength: Example has too many lines. [9/5]", 3964288917],
    [689, 26, 7, "RSpec/NamedSubject: Name your test subject if you need to reference it explicitly.", 1892732441],
    [700, 17, 24, "RSpec/MultipleExpectations: Example has too many expectations [2/1].", 717748961],
    [701, 61, 7, "RSpec/MessageSpies: Prefer `have_received` for setting message expectations. Setup `TransactionableIceCream.logger` as a spy using `allow` or `instance_spy`.", 1384559950],
    [702, 61, 7, "RSpec/MessageSpies: Prefer `have_received` for setting message expectations. Setup `TransactionableIceCream.logger` as a spy using `allow` or `instance_spy`.", 1384559950],
    [703, 19, 7, "RSpec/NamedSubject: Name your test subject if you need to reference it explicitly.", 1892732441],
    [710, 9, 27, "RSpec/NestedGroups: Maximum example group nesting exceeded [5/3].", 639121698],
    [710, 17, 19, "RSpec/ContextWording: Context description should match /^when\\b/, /^with\\b/, or /^without\\b/.", 715593693],
    [711, 11, 20, "RSpec/NestedGroups: Maximum example group nesting exceeded [6/3].", 3091488578],
    [711, 19, 12, "RSpec/ContextWording: Context description should match /^when\\b/, /^with\\b/, or /^without\\b/.", 1406026333],
    [726, 13, 524, "RSpec/ExampleLength: Example has too many lines. [13/5]", 2166940018],
    [742, 13, 24, "RSpec/MultipleExpectations: Example has too many expectations [2/1].", 717748961],
    [743, 57, 7, "RSpec/MessageSpies: Prefer `have_received` for setting message expectations. Setup `TransactionableIceCream.logger` as a spy using `allow` or `instance_spy`.", 1384559950],
    [744, 57, 7, "RSpec/MessageSpies: Prefer `have_received` for setting message expectations. Setup `TransactionableIceCream.logger` as a spy using `allow` or `instance_spy`.", 1384559950],
    [748, 13, 19, "RSpec/NestedGroups: Maximum example group nesting exceeded [7/3].", 2912876755],
    [749, 15, 317, "RSpec/ExampleLength: Example has too many lines. [7/5]", 1142022441],
    [759, 15, 294, "RSpec/ExampleLength: Example has too many lines. [6/5]", 533126424],
    [768, 15, 582, "RSpec/ExampleLength: Example has too many lines. [14/5]", 2029389392],
    [785, 15, 24, "RSpec/MultipleExpectations: Example has too many expectations [2/1].", 717748961],
    [785, 15, 642, "RSpec/ExampleLength: Example has too many lines. [7/5]", 63245331],
    [786, 59, 7, "RSpec/MessageSpies: Prefer `have_received` for setting message expectations. Setup `TransactionableIceCream.logger` as a spy using `allow` or `instance_spy`.", 1384559950],
    [787, 59, 7, "RSpec/MessageSpies: Prefer `have_received` for setting message expectations. Setup `TransactionableIceCream.logger` as a spy using `allow` or `instance_spy`.", 1384559950],
    [797, 11, 16, "RSpec/NestedGroups: Maximum example group nesting exceeded [6/3].", 2192760631],
    [797, 19, 8, "RSpec/ContextWording: Context description should match /^when\\b/, /^with\\b/, or /^without\\b/.", 3640425704],
    [798, 13, 21, "RSpec/NestedGroups: Maximum example group nesting exceeded [7/3].", 2481672522],
    [798, 21, 13, "RSpec/ContextWording: Context description should match /^when\\b/, /^with\\b/, or /^without\\b/.", 240891317],
    [806, 26, 7, "RSpec/NamedSubject: Name your test subject if you need to reference it explicitly.", 1892732441],
    [810, 24, 7, "RSpec/NamedSubject: Name your test subject if you need to reference it explicitly.", 1892732441],
    [813, 15, 368, "RSpec/ExampleLength: Example has too many lines. [9/5]", 2559724949],
    [814, 24, 7, "RSpec/NamedSubject: Name your test subject if you need to reference it explicitly.", 1892732441],
    [825, 15, 19, "RSpec/NestedGroups: Maximum example group nesting exceeded [8/3].", 2912876755],
    [833, 28, 7, "RSpec/NamedSubject: Name your test subject if you need to reference it explicitly.", 1892732441],
    [836, 40, 7, "RSpec/NamedSubject: Name your test subject if you need to reference it explicitly.", 1892732441],
    [838, 17, 388, "RSpec/ExampleLength: Example has too many lines. [9/5]", 1972515349],
    [839, 26, 7, "RSpec/NamedSubject: Name your test subject if you need to reference it explicitly.", 1892732441],
    [850, 17, 24, "RSpec/MultipleExpectations: Example has too many expectations [2/1].", 717748961],
    [851, 61, 7, "RSpec/MessageSpies: Prefer `have_received` for setting message expectations. Setup `TransactionableIceCream.logger` as a spy using `allow` or `instance_spy`.", 1384559950],
    [852, 61, 7, "RSpec/MessageSpies: Prefer `have_received` for setting message expectations. Setup `TransactionableIceCream.logger` as a spy using `allow` or `instance_spy`.", 1384559950],
    [853, 19, 7, "RSpec/NamedSubject: Name your test subject if you need to reference it explicitly.", 1892732441],
    [858, 13, 21, "RSpec/NestedGroups: Maximum example group nesting exceeded [7/3].", 3481543373],
    [858, 21, 13, "RSpec/ContextWording: Context description should match /^when\\b/, /^with\\b/, or /^without\\b/.", 345482290],
    [866, 26, 7, "RSpec/NamedSubject: Name your test subject if you need to reference it explicitly.", 1892732441],
    [870, 24, 7, "RSpec/NamedSubject: Name your test subject if you need to reference it explicitly.", 1892732441],
    [873, 15, 367, "RSpec/ExampleLength: Example has too many lines. [9/5]", 2559724949],
    [874, 24, 7, "RSpec/NamedSubject: Name your test subject if you need to reference it explicitly.", 1892732441],
    [885, 15, 24, "RSpec/MultipleExpectations: Example has too many expectations [2/1].", 717748961],
    [886, 59, 7, "RSpec/MessageSpies: Prefer `have_received` for setting message expectations. Setup `TransactionableIceCream.logger` as a spy using `allow` or `instance_spy`.", 1384559950],
    [887, 59, 7, "RSpec/MessageSpies: Prefer `have_received` for setting message expectations. Setup `TransactionableIceCream.logger` as a spy using `allow` or `instance_spy`.", 1384559950],
    [888, 17, 7, "RSpec/NamedSubject: Name your test subject if you need to reference it explicitly.", 1892732441],
    [891, 15, 19, "RSpec/NestedGroups: Maximum example group nesting exceeded [8/3].", 2912876755],
    [903, 28, 7, "RSpec/NamedSubject: Name your test subject if you need to reference it explicitly.", 1892732441],
    [906, 40, 7, "RSpec/NamedSubject: Name your test subject if you need to reference it explicitly.", 1892732441],
    [908, 17, 387, "RSpec/ExampleLength: Example has too many lines. [9/5]", 3964288917],
    [909, 26, 7, "RSpec/NamedSubject: Name your test subject if you need to reference it explicitly.", 1892732441],
    [920, 17, 24, "RSpec/MultipleExpectations: Example has too many expectations [2/1].", 717748961],
    [921, 61, 7, "RSpec/MessageSpies: Prefer `have_received` for setting message expectations. Setup `TransactionableIceCream.logger` as a spy using `allow` or `instance_spy`.", 1384559950],
    [922, 61, 7, "RSpec/MessageSpies: Prefer `have_received` for setting message expectations. Setup `TransactionableIceCream.logger` as a spy using `allow` or `instance_spy`.", 1384559950],
    [923, 19, 7, "RSpec/NamedSubject: Name your test subject if you need to reference it explicitly.", 1892732441],
    [931, 7, 21, "RSpec/NestedGroups: Maximum example group nesting exceeded [4/3].", 2459101762],
    [931, 15, 13, "RSpec/ContextWording: Context description should match /^when\\b/, /^with\\b/, or /^without\\b/.", 1190649021],
    [932, 9, 30, "RSpec/NestedGroups: Maximum example group nesting exceeded [5/3].", 1164546554],
    [941, 11, 256, "RSpec/ExampleLength: Example has too many lines. [6/5]", 1265094949],
    [950, 11, 515, "RSpec/ExampleLength: Example has too many lines. [14/5]", 2590711828],
    [973, 55, 7, "RSpec/MessageSpies: Prefer `have_received` for setting message expectations. Setup `TransactionableIceCream.logger` as a spy using `allow` or `instance_spy`.", 1384559950],
    [977, 11, 19, "RSpec/NestedGroups: Maximum example group nesting exceeded [6/3].", 2912876755],
    [978, 13, 321, "RSpec/ExampleLength: Example has too many lines. [8/5]", 3444071003],
    [989, 13, 298, "RSpec/ExampleLength: Example has too many lines. [7/5]", 2196824741],
    [999, 13, 573, "RSpec/ExampleLength: Example has too many lines. [15/5]", 934012813],
    [1017, 13, 324, "RSpec/ExampleLength: Example has too many lines. [7/5]", 1611538425],
    [1027, 13, 434, "RSpec/ExampleLength: Example has too many lines. [7/5]", 1647656088],
    [1028, 57, 7, "RSpec/MessageSpies: Prefer `have_received` for setting message expectations. Setup `TransactionableIceCream.logger` as a spy using `allow` or `instance_spy`.", 1384559950],
    [1039, 9, 28, "RSpec/NestedGroups: Maximum example group nesting exceeded [5/3].", 3462398073],
    [1039, 17, 20, "RSpec/ContextWording: Context description should match /^when\\b/, /^with\\b/, or /^without\\b/.", 2853302950],
    [1046, 11, 253, "RSpec/ExampleLength: Example has too many lines. [6/5]", 1164222395],
    [1055, 11, 512, "RSpec/ExampleLength: Example has too many lines. [14/5]", 4093069738],
    [1073, 55, 7, "RSpec/MessageSpies: Prefer `have_received` for setting message expectations. Setup `TransactionableIceCream.logger` as a spy using `allow` or `instance_spy`.", 1384559950],
    [1077, 11, 19, "RSpec/NestedGroups: Maximum example group nesting exceeded [6/3].", 2912876755],
    [1084, 13, 24, "RSpec/MultipleExpectations: Example has too many expectations [2/1].", 254417773],
    [1085, 61, 7, "RSpec/MessageSpies: Prefer `have_received` for setting message expectations. Setup `TransactionableIceCream.logger` as a spy using `allow` or `instance_spy`.", 1384559950],
    [1093, 9, 20, "RSpec/NestedGroups: Maximum example group nesting exceeded [5/3].", 1511761934],
    [1093, 17, 12, "RSpec/ContextWording: Context description should match /^when\\b/, /^with\\b/, or /^without\\b/.", 3386309265],
    [1100, 11, 16, "RSpec/MultipleExpectations: Example has too many expectations [2/1].", 895714038],
    [1101, 55, 7, "RSpec/MessageSpies: Prefer `have_received` for setting message expectations. Setup `TransactionableIceCream.logger` as a spy using `allow` or `instance_spy`.", 1384559950],
    [1107, 11, 19, "RSpec/NestedGroups: Maximum example group nesting exceeded [6/3].", 2912876755],
    [1110, 13, 324, "RSpec/ExampleLength: Example has too many lines. [8/5]", 3912930959],
    [1121, 13, 16, "RSpec/MultipleExpectations: Example has too many expectations [2/1].", 895714038],
    [1121, 13, 535, "RSpec/ExampleLength: Example has too many lines. [9/5]", 1031726628],
    [1122, 57, 7, "RSpec/MessageSpies: Prefer `have_received` for setting message expectations. Setup `TransactionableIceCream.logger` as a spy using `allow` or `instance_spy`.", 1384559950],
    [1135, 9, 28, "RSpec/NestedGroups: Maximum example group nesting exceeded [5/3].", 3173353092],
    [1135, 17, 20, "RSpec/ContextWording: Context description should match /^when\\b/, /^with\\b/, or /^without\\b/.", 3278105371],
    [1142, 11, 16, "RSpec/MultipleExpectations: Example has too many expectations [2/1].", 895714038],
    [1143, 55, 7, "RSpec/MessageSpies: Prefer `have_received` for setting message expectations. Setup `TransactionableIceCream.logger` as a spy using `allow` or `instance_spy`.", 1384559950],
    [1149, 11, 19, "RSpec/NestedGroups: Maximum example group nesting exceeded [6/3].", 2912876755],
    [1152, 13, 332, "RSpec/ExampleLength: Example has too many lines. [8/5]", 2579616773],
    [1163, 13, 16, "RSpec/MultipleExpectations: Example has too many expectations [2/1].", 895714038],
    [1163, 13, 544, "RSpec/ExampleLength: Example has too many lines. [9/5]", 648127853],
    [1164, 57, 7, "RSpec/MessageSpies: Prefer `have_received` for setting message expectations. Setup `TransactionableIceCream.logger` as a spy using `allow` or `instance_spy`.", 1384559950],
    [1177, 9, 19, "RSpec/NestedGroups: Maximum example group nesting exceeded [5/3].", 4211672168],
    [1177, 17, 11, "RSpec/ContextWording: Context description should match /^when\\b/, /^with\\b/, or /^without\\b/.", 2822593943],
    [1178, 11, 20, "RSpec/NestedGroups: Maximum example group nesting exceeded [6/3].", 3091488578],
    [1178, 19, 12, "RSpec/ContextWording: Context description should match /^when\\b/, /^with\\b/, or /^without\\b/.", 1406026333],
    [1190, 13, 462, "RSpec/ExampleLength: Example has too many lines. [10/5]", 3761718678],
    [1203, 13, 24, "RSpec/MultipleExpectations: Example has too many expectations [2/1].", 717748961],
    [1204, 57, 7, "RSpec/MessageSpies: Prefer `have_received` for setting message expectations. Setup `TransactionableIceCream.logger` as a spy using `allow` or `instance_spy`.", 1384559950],
    [1205, 57, 7, "RSpec/MessageSpies: Prefer `have_received` for setting message expectations. Setup `TransactionableIceCream.logger` as a spy using `allow` or `instance_spy`.", 1384559950],
    [1210, 11, 16, "RSpec/NestedGroups: Maximum example group nesting exceeded [6/3].", 2192760631],
    [1210, 19, 8, "RSpec/ContextWording: Context description should match /^when\\b/, /^with\\b/, or /^without\\b/.", 3640425704],
    [1211, 13, 21, "RSpec/NestedGroups: Maximum example group nesting exceeded [7/3].", 3481543373],
    [1211, 21, 13, "RSpec/ContextWording: Context description should match /^when\\b/, /^with\\b/, or /^without\\b/.", 345482290],
    [1219, 26, 7, "RSpec/NamedSubject: Name your test subject if you need to reference it explicitly.", 1892732441],
    [1223, 24, 7, "RSpec/NamedSubject: Name your test subject if you need to reference it explicitly.", 1892732441],
    [1226, 15, 366, "RSpec/ExampleLength: Example has too many lines. [9/5]", 2559724949],
    [1227, 24, 7, "RSpec/NamedSubject: Name your test subject if you need to reference it explicitly.", 1892732441],
    [1238, 15, 24, "RSpec/MultipleExpectations: Example has too many expectations [2/1].", 717748961],
    [1239, 59, 7, "RSpec/MessageSpies: Prefer `have_received` for setting message expectations. Setup `TransactionableIceCream.logger` as a spy using `allow` or `instance_spy`.", 1384559950],
    [1240, 59, 7, "RSpec/MessageSpies: Prefer `have_received` for setting message expectations. Setup `TransactionableIceCream.logger` as a spy using `allow` or `instance_spy`.", 1384559950],
    [1241, 17, 7, "RSpec/NamedSubject: Name your test subject if you need to reference it explicitly.", 1892732441],
    [1245, 13, 21, "RSpec/NestedGroups: Maximum example group nesting exceeded [7/3].", 2481672522],
    [1245, 21, 13, "RSpec/ContextWording: Context description should match /^when\\b/, /^with\\b/, or /^without\\b/.", 240891317],
    [1253, 26, 7, "RSpec/NamedSubject: Name your test subject if you need to reference it explicitly.", 1892732441],
    [1257, 24, 7, "RSpec/NamedSubject: Name your test subject if you need to reference it explicitly.", 1892732441],
    [1260, 15, 367, "RSpec/ExampleLength: Example has too many lines. [9/5]", 2559724949],
    [1261, 24, 7, "RSpec/NamedSubject: Name your test subject if you need to reference it explicitly.", 1892732441],
    [1275, 9, 27, "RSpec/NestedGroups: Maximum example group nesting exceeded [5/3].", 639121698],
    [1275, 17, 19, "RSpec/ContextWording: Context description should match /^when\\b/, /^with\\b/, or /^without\\b/.", 715593693],
    [1276, 11, 20, "RSpec/NestedGroups: Maximum example group nesting exceeded [6/3].", 3091488578],
    [1276, 19, 12, "RSpec/ContextWording: Context description should match /^when\\b/, /^with\\b/, or /^without\\b/.", 1406026333],
    [1291, 13, 520, "RSpec/ExampleLength: Example has too many lines. [13/5]", 1294677184],
    [1307, 13, 24, "RSpec/MultipleExpectations: Example has too many expectations [2/1].", 717748961],
    [1308, 57, 7, "RSpec/MessageSpies: Prefer `have_received` for setting message expectations. Setup `TransactionableIceCream.logger` as a spy using `allow` or `instance_spy`.", 1384559950],
    [1309, 57, 7, "RSpec/MessageSpies: Prefer `have_received` for setting message expectations. Setup `TransactionableIceCream.logger` as a spy using `allow` or `instance_spy`.", 1384559950],
    [1314, 11, 16, "RSpec/NestedGroups: Maximum example group nesting exceeded [6/3].", 2192760631],
    [1314, 19, 8, "RSpec/ContextWording: Context description should match /^when\\b/, /^with\\b/, or /^without\\b/.", 3640425704],
    [1315, 13, 21, "RSpec/NestedGroups: Maximum example group nesting exceeded [7/3].", 2481672522],
    [1315, 21, 13, "RSpec/ContextWording: Context description should match /^when\\b/, /^with\\b/, or /^without\\b/.", 240891317],
    [1323, 26, 7, "RSpec/NamedSubject: Name your test subject if you need to reference it explicitly.", 1892732441],
    [1327, 24, 7, "RSpec/NamedSubject: Name your test subject if you need to reference it explicitly.", 1892732441],
    [1330, 15, 368, "RSpec/ExampleLength: Example has too many lines. [9/5]", 2559724949],
    [1331, 24, 7, "RSpec/NamedSubject: Name your test subject if you need to reference it explicitly.", 1892732441],
    [1343, 13, 21, "RSpec/NestedGroups: Maximum example group nesting exceeded [7/3].", 3481543373],
    [1343, 21, 13, "RSpec/ContextWording: Context description should match /^when\\b/, /^with\\b/, or /^without\\b/.", 345482290],
    [1351, 26, 7, "RSpec/NamedSubject: Name your test subject if you need to reference it explicitly.", 1892732441],
    [1355, 24, 7, "RSpec/NamedSubject: Name your test subject if you need to reference it explicitly.", 1892732441],
    [1358, 15, 367, "RSpec/ExampleLength: Example has too many lines. [9/5]", 2559724949],
    [1359, 24, 7, "RSpec/NamedSubject: Name your test subject if you need to reference it explicitly.", 1892732441],
    [1370, 15, 24, "RSpec/MultipleExpectations: Example has too many expectations [2/1].", 717748961],
    [1371, 59, 7, "RSpec/MessageSpies: Prefer `have_received` for setting message expectations. Setup `TransactionableIceCream.logger` as a spy using `allow` or `instance_spy`.", 1384559950],
    [1372, 59, 7, "RSpec/MessageSpies: Prefer `have_received` for setting message expectations. Setup `TransactionableIceCream.logger` as a spy using `allow` or `instance_spy`.", 1384559950],
    [1373, 17, 7, "RSpec/NamedSubject: Name your test subject if you need to reference it explicitly.", 1892732441],
    [1379, 9, 31, "RSpec/NestedGroups: Maximum example group nesting exceeded [5/3].", 2879458620],
    [1379, 17, 23, "RSpec/ContextWording: Context description should match /^when\\b/, /^with\\b/, or /^without\\b/.", 659238083],
    [1380, 11, 315, "RSpec/ExampleLength: Example has too many lines. [7/5]", 1709632714],
    [1390, 11, 263, "RSpec/ExampleLength: Example has too many lines. [6/5]", 3806413831],
    [1399, 11, 535, "RSpec/ExampleLength: Example has too many lines. [14/5]", 3335254692],
    [1416, 11, 52, "RSpec/NestedGroups: Maximum example group nesting exceeded [6/3].", 3653288714],
    [1416, 19, 44, "RSpec/ContextWording: Context description should match /^when\\b/, /^with\\b/, or /^without\\b/.", 452861205],
    [1417, 13, 37, "RSpec/MultipleExpectations: Example has too many expectations [2/1].", 3832307933],
    [1418, 57, 7, "RSpec/MessageSpies: Prefer `have_received` for setting message expectations. Setup `TransactionableIceCream.logger` as a spy using `allow` or `instance_spy`.", 1384559950],
    [1425, 11, 35, "RSpec/NestedGroups: Maximum example group nesting exceeded [6/3].", 2283562938],
    [1425, 19, 27, "RSpec/ContextWording: Context description should match /^when\\b/, /^with\\b/, or /^without\\b/.", 4057671621],
    [1426, 13, 37, "RSpec/MultipleExpectations: Example has too many expectations [2/1].", 1854655842],
    [1427, 57, 7, "RSpec/MessageSpies: Prefer `have_received` for setting message expectations. Setup `TransactionableIceCream.logger` as a spy using `allow` or `instance_spy`.", 1384559950],
    [1428, 57, 7, "RSpec/MessageSpies: Prefer `have_received` for setting message expectations. Setup `TransactionableIceCream.logger` as a spy using `allow` or `instance_spy`.", 1384559950],
    [1433, 11, 35, "RSpec/NestedGroups: Maximum example group nesting exceeded [6/3].", 3617423632],
    [1433, 19, 27, "RSpec/ContextWording: Context description should match /^when\\b/, /^with\\b/, or /^without\\b/.", 1304293231],
    [1434, 13, 37, "RSpec/MultipleExpectations: Example has too many expectations [2/1].", 1854655842],
    [1434, 13, 615, "RSpec/ExampleLength: Example has too many lines. [7/5]", 3287277865],
    [1435, 57, 7, "RSpec/MessageSpies: Prefer `have_received` for setting message expectations. Setup `TransactionableIceCream.logger` as a spy using `allow` or `instance_spy`.", 1384559950],
    [1436, 57, 7, "RSpec/MessageSpies: Prefer `have_received` for setting message expectations. Setup `TransactionableIceCream.logger` as a spy using `allow` or `instance_spy`.", 1384559950],
    [1445, 11, 27, "RSpec/NestedGroups: Maximum example group nesting exceeded [6/3].", 639121698],
    [1445, 19, 19, "RSpec/ContextWording: Context description should match /^when\\b/, /^with\\b/, or /^without\\b/.", 715593693],
    [1446, 13, 20, "RSpec/NestedGroups: Maximum example group nesting exceeded [7/3].", 3091488578],
    [1446, 21, 12, "RSpec/ContextWording: Context description should match /^when\\b/, /^with\\b/, or /^without\\b/.", 1406026333],
    [1447, 15, 329, "RSpec/ExampleLength: Example has too many lines. [7/5]", 4217785323],
    [1457, 15, 309, "RSpec/ExampleLength: Example has too many lines. [6/5]", 4011949041],
    [1466, 15, 616, "RSpec/ExampleLength: Example has too many lines. [14/5]", 3344298136],
    [1483, 15, 52, "RSpec/NestedGroups: Maximum example group nesting exceeded [8/3].", 3653288714],
    [1483, 23, 44, "RSpec/ContextWording: Context description should match /^when\\b/, /^with\\b/, or /^without\\b/.", 452861205],
    [1484, 17, 37, "RSpec/MultipleExpectations: Example has too many expectations [2/1].", 3832307933],
    [1485, 61, 7, "RSpec/MessageSpies: Prefer `have_received` for setting message expectations. Setup `TransactionableIceCream.logger` as a spy using `allow` or `instance_spy`.", 1384559950]
  ]
}
