{
  "spec/activerecord/transactionable_spec.rb:4063263850": [
    [6, 11, 28, "RSpec/ContextWording: Context description should match /^when\\b/, /^with\\b/, or /^without\\b/.", 4065370886],
    [16, 37, 2, "RSpec/BeEq: Prefer `be` over `eq`.", 5860785],
    [19, 7, 19, "RSpec/NestedGroups: Maximum example group nesting exceeded [4/3].", 2902812180],
    [26, 7, 19, "RSpec/NestedGroups: Maximum example group nesting exceeded [4/3].", 2902811951],
    [33, 7, 27, "RSpec/NestedGroups: Maximum example group nesting exceeded [4/3].", 3828478380],
    [43, 7, 44, "RSpec/NestedGroups: Maximum example group nesting exceeded [4/3].", 682221552],
    [62, 7, 27, "RSpec/NestedGroups: Maximum example group nesting exceeded [4/3].", 1362582053],
    [81, 9, 318, "RSpec/ExampleLength: Example has too many lines. [9/5]", 1858925253],
    [96, 11, 28, "RSpec/ContextWording: Context description should match /^when\\b/, /^with\\b/, or /^without\\b/.", 948841545],
    [117, 37, 2, "RSpec/BeEq: Prefer `be` over `eq`.", 5860785],
    [127, 11, 33, "RSpec/ContextWording: Context description should match /^when\\b/, /^with\\b/, or /^without\\b/.", 981636291],
    [150, 7, 386, "RSpec/ExampleLength: Example has too many lines. [10/5]", 3175877837],
    [171, 51, 7, "RSpec/MessageSpies: Prefer `have_received` for setting message expectations. Setup `TransactionableIceCream.logger` as a spy using `allow` or `instance_spy`.", 1384559950],
    [175, 7, 19, "RSpec/NestedGroups: Maximum example group nesting exceeded [4/3].", 2912876755],
    [187, 9, 420, "RSpec/ExampleLength: Example has too many lines. [10/5]", 205805094],
    [207, 9, 402, "RSpec/ExampleLength: Example has too many lines. [7/5]", 205121176],
    [208, 53, 7, "RSpec/MessageSpies: Prefer `have_received` for setting message expectations. Setup `TransactionableIceCream.logger` as a spy using `allow` or `instance_spy`.", 1384559950],
    [220, 11, 35, "RSpec/ContextWording: Context description should match /^when\\b/, /^with\\b/, or /^without\\b/.", 1604156303],
    [230, 7, 24, "RSpec/NestedGroups: Maximum example group nesting exceeded [4/3].", 1236445221],
    [230, 15, 16, "RSpec/ContextWording: Context description should match /^when\\b/, /^with\\b/, or /^without\\b/.", 3947873018],
    [242, 9, 424, "RSpec/ExampleLength: Example has too many lines. [10/5]", 2443005158],
    [261, 9, 19, "RSpec/NestedGroups: Maximum example group nesting exceeded [5/3].", 2912876755],
    [268, 11, 256, "RSpec/ExampleLength: Example has too many lines. [6/5]", 1515990794],
    [277, 11, 515, "RSpec/ExampleLength: Example has too many lines. [14/5]", 1268430427],
    [301, 9, 20, "RSpec/NestedGroups: Maximum example group nesting exceeded [5/3].", 1511761934],
    [301, 17, 12, "RSpec/ContextWording: Context description should match /^when\\b/, /^with\\b/, or /^without\\b/.", 3386309265],
    [308, 11, 16, "RSpec/MultipleExpectations: Example has too many expectations [2/1].", 895714038],
    [309, 55, 7, "RSpec/MessageSpies: Prefer `have_received` for setting message expectations. Setup `TransactionableIceCream.logger` as a spy using `allow` or `instance_spy`.", 1384559950],
    [315, 11, 19, "RSpec/NestedGroups: Maximum example group nesting exceeded [6/3].", 2912876755],
    [316, 13, 294, "RSpec/ExampleLength: Example has too many lines. [7/5]", 2813403954],
    [326, 13, 16, "RSpec/MultipleExpectations: Example has too many expectations [2/1].", 895714038],
    [326, 13, 505, "RSpec/ExampleLength: Example has too many lines. [8/5]", 3934210611],
    [327, 57, 7, "RSpec/MessageSpies: Prefer `have_received` for setting message expectations. Setup `TransactionableIceCream.logger` as a spy using `allow` or `instance_spy`.", 1384559950],
    [339, 9, 28, "RSpec/NestedGroups: Maximum example group nesting exceeded [5/3].", 3173353092],
    [339, 17, 20, "RSpec/ContextWording: Context description should match /^when\\b/, /^with\\b/, or /^without\\b/.", 3278105371],
    [346, 11, 16, "RSpec/MultipleExpectations: Example has too many expectations [2/1].", 895714038],
    [347, 55, 7, "RSpec/MessageSpies: Prefer `have_received` for setting message expectations. Setup `TransactionableIceCream.logger` as a spy using `allow` or `instance_spy`.", 1384559950],
    [353, 11, 19, "RSpec/NestedGroups: Maximum example group nesting exceeded [6/3].", 2912876755],
    [354, 13, 302, "RSpec/ExampleLength: Example has too many lines. [7/5]", 1527522610],
    [364, 13, 16, "RSpec/MultipleExpectations: Example has too many expectations [2/1].", 895714038],
    [364, 13, 514, "RSpec/ExampleLength: Example has too many lines. [8/5]", 3911504046],
    [365, 57, 7, "RSpec/MessageSpies: Prefer `have_received` for setting message expectations. Setup `TransactionableIceCream.logger` as a spy using `allow` or `instance_spy`.", 1384559950],
    [377, 9, 19, "RSpec/NestedGroups: Maximum example group nesting exceeded [5/3].", 4211672168],
    [377, 17, 11, "RSpec/ContextWording: Context description should match /^when\\b/, /^with\\b/, or /^without\\b/.", 2822593943],
    [378, 11, 20, "RSpec/NestedGroups: Maximum example group nesting exceeded [6/3].", 3091488578],
    [378, 19, 12, "RSpec/ContextWording: Context description should match /^when\\b/, /^with\\b/, or /^without\\b/.", 1406026333],
    [390, 13, 466, "RSpec/ExampleLength: Example has too many lines. [10/5]", 2471300964],
    [403, 13, 24, "RSpec/MultipleExpectations: Example has too many expectations [2/1].", 717748961],
    [404, 57, 7, "RSpec/MessageSpies: Prefer `have_received` for setting message expectations. Setup `TransactionableIceCream.logger` as a spy using `allow` or `instance_spy`.", 1384559950],
    [405, 57, 7, "RSpec/MessageSpies: Prefer `have_received` for setting message expectations. Setup `TransactionableIceCream.logger` as a spy using `allow` or `instance_spy`.", 1384559950],
    [409, 13, 19, "RSpec/NestedGroups: Maximum example group nesting exceeded [7/3].", 2912876755],
    [410, 15, 309, "RSpec/ExampleLength: Example has too many lines. [7/5]", 1142022441],
    [420, 15, 286, "RSpec/ExampleLength: Example has too many lines. [6/5]", 3830655186],
    [429, 15, 573, "RSpec/ExampleLength: Example has too many lines. [14/5]", 2815639898],
    [446, 15, 24, "RSpec/MultipleExpectations: Example has too many expectations [2/1].", 717748961],
    [446, 15, 632, "RSpec/ExampleLength: Example has too many lines. [7/5]", 1753302291],
    [447, 59, 7, "RSpec/MessageSpies: Prefer `have_received` for setting message expectations. Setup `TransactionableIceCream.logger` as a spy using `allow` or `instance_spy`.", 1384559950],
    [448, 59, 7, "RSpec/MessageSpies: Prefer `have_received` for setting message expectations. Setup `TransactionableIceCream.logger` as a spy using `allow` or `instance_spy`.", 1384559950],
    [458, 11, 16, "RSpec/NestedGroups: Maximum example group nesting exceeded [6/3].", 2192760631],
    [458, 19, 8, "RSpec/ContextWording: Context description should match /^when\\b/, /^with\\b/, or /^without\\b/.", 3640425704],
    [459, 13, 21, "RSpec/NestedGroups: Maximum example group nesting exceeded [7/3].", 3481543373],
    [459, 21, 13, "RSpec/ContextWording: Context description should match /^when\\b/, /^with\\b/, or /^without\\b/.", 345482290],
    [467, 26, 7, "RSpec/NamedSubject: Name your test subject if you need to reference it explicitly.", 1892732441],
    [471, 24, 7, "RSpec/NamedSubject: Name your test subject if you need to reference it explicitly.", 1892732441],
    [474, 15, 366, "RSpec/ExampleLength: Example has too many lines. [9/5]", 2559724949],
    [475, 24, 7, "RSpec/NamedSubject: Name your test subject if you need to reference it explicitly.", 1892732441],
    [486, 15, 24, "RSpec/MultipleExpectations: Example has too many expectations [2/1].", 717748961],
    [487, 59, 7, "RSpec/MessageSpies: Prefer `have_received` for setting message expectations. Setup `TransactionableIceCream.logger` as a spy using `allow` or `instance_spy`.", 1384559950],
    [488, 59, 7, "RSpec/MessageSpies: Prefer `have_received` for setting message expectations. Setup `TransactionableIceCream.logger` as a spy using `allow` or `instance_spy`.", 1384559950],
    [489, 17, 7, "RSpec/NamedSubject: Name your test subject if you need to reference it explicitly.", 1892732441],
    [492, 15, 19, "RSpec/NestedGroups: Maximum example group nesting exceeded [8/3].", 2912876755],
    [504, 28, 7, "RSpec/NamedSubject: Name your test subject if you need to reference it explicitly.", 1892732441],
    [507, 40, 7, "RSpec/NamedSubject: Name your test subject if you need to reference it explicitly.", 1892732441],
    [509, 17, 386, "RSpec/ExampleLength: Example has too many lines. [9/5]", 1031183637],
    [510, 26, 7, "RSpec/NamedSubject: Name your test subject if you need to reference it explicitly.", 1892732441],
    [521, 17, 24, "RSpec/MultipleExpectations: Example has too many expectations [2/1].", 717748961],
    [522, 61, 7, "RSpec/MessageSpies: Prefer `have_received` for setting message expectations. Setup `TransactionableIceCream.logger` as a spy using `allow` or `instance_spy`.", 1384559950],
    [523, 61, 7, "RSpec/MessageSpies: Prefer `have_received` for setting message expectations. Setup `TransactionableIceCream.logger` as a spy using `allow` or `instance_spy`.", 1384559950],
    [524, 19, 7, "RSpec/NamedSubject: Name your test subject if you need to reference it explicitly.", 1892732441],
    [529, 13, 21, "RSpec/NestedGroups: Maximum example group nesting exceeded [7/3].", 2481672522],
    [529, 21, 13, "RSpec/ContextWording: Context description should match /^when\\b/, /^with\\b/, or /^without\\b/.", 240891317],
    [537, 26, 7, "RSpec/NamedSubject: Name your test subject if you need to reference it explicitly.", 1892732441],
    [541, 24, 7, "RSpec/NamedSubject: Name your test subject if you need to reference it explicitly.", 1892732441],
    [544, 15, 367, "RSpec/ExampleLength: Example has too many lines. [9/5]", 2559724949],
    [545, 24, 7, "RSpec/NamedSubject: Name your test subject if you need to reference it explicitly.", 1892732441],
    [556, 15, 19, "RSpec/NestedGroups: Maximum example group nesting exceeded [8/3].", 2912876755],
    [564, 28, 7, "RSpec/NamedSubject: Name your test subject if you need to reference it explicitly.", 1892732441],
    [567, 40, 7, "RSpec/NamedSubject: Name your test subject if you need to reference it explicitly.", 1892732441],
    [569, 17, 387, "RSpec/ExampleLength: Example has too many lines. [9/5]", 3964288917],
    [570, 26, 7, "RSpec/NamedSubject: Name your test subject if you need to reference it explicitly.", 1892732441],
    [581, 17, 24, "RSpec/MultipleExpectations: Example has too many expectations [2/1].", 717748961],
    [582, 61, 7, "RSpec/MessageSpies: Prefer `have_received` for setting message expectations. Setup `TransactionableIceCream.logger` as a spy using `allow` or `instance_spy`.", 1384559950],
    [583, 61, 7, "RSpec/MessageSpies: Prefer `have_received` for setting message expectations. Setup `TransactionableIceCream.logger` as a spy using `allow` or `instance_spy`.", 1384559950],
    [584, 19, 7, "RSpec/NamedSubject: Name your test subject if you need to reference it explicitly.", 1892732441],
    [591, 9, 27, "RSpec/NestedGroups: Maximum example group nesting exceeded [5/3].", 639121698],
    [591, 17, 19, "RSpec/ContextWording: Context description should match /^when\\b/, /^with\\b/, or /^without\\b/.", 715593693],
    [592, 11, 20, "RSpec/NestedGroups: Maximum example group nesting exceeded [6/3].", 3091488578],
    [592, 19, 12, "RSpec/ContextWording: Context description should match /^when\\b/, /^with\\b/, or /^without\\b/.", 1406026333],
    [607, 13, 524, "RSpec/ExampleLength: Example has too many lines. [13/5]", 2166940018],
    [623, 13, 24, "RSpec/MultipleExpectations: Example has too many expectations [2/1].", 717748961],
    [624, 57, 7, "RSpec/MessageSpies: Prefer `have_received` for setting message expectations. Setup `TransactionableIceCream.logger` as a spy using `allow` or `instance_spy`.", 1384559950],
    [625, 57, 7, "RSpec/MessageSpies: Prefer `have_received` for setting message expectations. Setup `TransactionableIceCream.logger` as a spy using `allow` or `instance_spy`.", 1384559950],
    [629, 13, 19, "RSpec/NestedGroups: Maximum example group nesting exceeded [7/3].", 2912876755],
    [630, 15, 317, "RSpec/ExampleLength: Example has too many lines. [7/5]", 1142022441],
    [640, 15, 294, "RSpec/ExampleLength: Example has too many lines. [6/5]", 533126424],
    [649, 15, 582, "RSpec/ExampleLength: Example has too many lines. [14/5]", 2029389392],
    [666, 15, 24, "RSpec/MultipleExpectations: Example has too many expectations [2/1].", 717748961],
    [666, 15, 642, "RSpec/ExampleLength: Example has too many lines. [7/5]", 63245331],
    [667, 59, 7, "RSpec/MessageSpies: Prefer `have_received` for setting message expectations. Setup `TransactionableIceCream.logger` as a spy using `allow` or `instance_spy`.", 1384559950],
    [668, 59, 7, "RSpec/MessageSpies: Prefer `have_received` for setting message expectations. Setup `TransactionableIceCream.logger` as a spy using `allow` or `instance_spy`.", 1384559950],
    [678, 11, 16, "RSpec/NestedGroups: Maximum example group nesting exceeded [6/3].", 2192760631],
    [678, 19, 8, "RSpec/ContextWording: Context description should match /^when\\b/, /^with\\b/, or /^without\\b/.", 3640425704],
    [679, 13, 21, "RSpec/NestedGroups: Maximum example group nesting exceeded [7/3].", 2481672522],
    [679, 21, 13, "RSpec/ContextWording: Context description should match /^when\\b/, /^with\\b/, or /^without\\b/.", 240891317],
    [687, 26, 7, "RSpec/NamedSubject: Name your test subject if you need to reference it explicitly.", 1892732441],
    [691, 24, 7, "RSpec/NamedSubject: Name your test subject if you need to reference it explicitly.", 1892732441],
    [694, 15, 368, "RSpec/ExampleLength: Example has too many lines. [9/5]", 2559724949],
    [695, 24, 7, "RSpec/NamedSubject: Name your test subject if you need to reference it explicitly.", 1892732441],
    [706, 15, 19, "RSpec/NestedGroups: Maximum example group nesting exceeded [8/3].", 2912876755],
    [714, 28, 7, "RSpec/NamedSubject: Name your test subject if you need to reference it explicitly.", 1892732441],
    [717, 40, 7, "RSpec/NamedSubject: Name your test subject if you need to reference it explicitly.", 1892732441],
    [719, 17, 388, "RSpec/ExampleLength: Example has too many lines. [9/5]", 1972515349],
    [720, 26, 7, "RSpec/NamedSubject: Name your test subject if you need to reference it explicitly.", 1892732441],
    [731, 17, 24, "RSpec/MultipleExpectations: Example has too many expectations [2/1].", 717748961],
    [732, 61, 7, "RSpec/MessageSpies: Prefer `have_received` for setting message expectations. Setup `TransactionableIceCream.logger` as a spy using `allow` or `instance_spy`.", 1384559950],
    [733, 61, 7, "RSpec/MessageSpies: Prefer `have_received` for setting message expectations. Setup `TransactionableIceCream.logger` as a spy using `allow` or `instance_spy`.", 1384559950],
    [734, 19, 7, "RSpec/NamedSubject: Name your test subject if you need to reference it explicitly.", 1892732441],
    [739, 13, 21, "RSpec/NestedGroups: Maximum example group nesting exceeded [7/3].", 3481543373],
    [739, 21, 13, "RSpec/ContextWording: Context description should match /^when\\b/, /^with\\b/, or /^without\\b/.", 345482290],
    [747, 26, 7, "RSpec/NamedSubject: Name your test subject if you need to reference it explicitly.", 1892732441],
    [751, 24, 7, "RSpec/NamedSubject: Name your test subject if you need to reference it explicitly.", 1892732441],
    [754, 15, 367, "RSpec/ExampleLength: Example has too many lines. [9/5]", 2559724949],
    [755, 24, 7, "RSpec/NamedSubject: Name your test subject if you need to reference it explicitly.", 1892732441],
    [766, 15, 24, "RSpec/MultipleExpectations: Example has too many expectations [2/1].", 717748961],
    [767, 59, 7, "RSpec/MessageSpies: Prefer `have_received` for setting message expectations. Setup `TransactionableIceCream.logger` as a spy using `allow` or `instance_spy`.", 1384559950],
    [768, 59, 7, "RSpec/MessageSpies: Prefer `have_received` for setting message expectations. Setup `TransactionableIceCream.logger` as a spy using `allow` or `instance_spy`.", 1384559950],
    [769, 17, 7, "RSpec/NamedSubject: Name your test subject if you need to reference it explicitly.", 1892732441],
    [772, 15, 19, "RSpec/NestedGroups: Maximum example group nesting exceeded [8/3].", 2912876755],
    [784, 28, 7, "RSpec/NamedSubject: Name your test subject if you need to reference it explicitly.", 1892732441],
    [787, 40, 7, "RSpec/NamedSubject: Name your test subject if you need to reference it explicitly.", 1892732441],
    [789, 17, 387, "RSpec/ExampleLength: Example has too many lines. [9/5]", 3964288917],
    [790, 26, 7, "RSpec/NamedSubject: Name your test subject if you need to reference it explicitly.", 1892732441],
    [801, 17, 24, "RSpec/MultipleExpectations: Example has too many expectations [2/1].", 717748961],
    [802, 61, 7, "RSpec/MessageSpies: Prefer `have_received` for setting message expectations. Setup `TransactionableIceCream.logger` as a spy using `allow` or `instance_spy`.", 1384559950],
    [803, 61, 7, "RSpec/MessageSpies: Prefer `have_received` for setting message expectations. Setup `TransactionableIceCream.logger` as a spy using `allow` or `instance_spy`.", 1384559950],
    [804, 19, 7, "RSpec/NamedSubject: Name your test subject if you need to reference it explicitly.", 1892732441],
    [812, 7, 21, "RSpec/NestedGroups: Maximum example group nesting exceeded [4/3].", 2459101762],
    [812, 15, 13, "RSpec/ContextWording: Context description should match /^when\\b/, /^with\\b/, or /^without\\b/.", 1190649021],
    [813, 9, 30, "RSpec/NestedGroups: Maximum example group nesting exceeded [5/3].", 1164546554],
    [822, 11, 256, "RSpec/ExampleLength: Example has too many lines. [6/5]", 1265094949],
    [831, 11, 515, "RSpec/ExampleLength: Example has too many lines. [14/5]", 2590711828],
    [854, 55, 7, "RSpec/MessageSpies: Prefer `have_received` for setting message expectations. Setup `TransactionableIceCream.logger` as a spy using `allow` or `instance_spy`.", 1384559950],
    [858, 11, 19, "RSpec/NestedGroups: Maximum example group nesting exceeded [6/3].", 2912876755],
    [859, 13, 321, "RSpec/ExampleLength: Example has too many lines. [8/5]", 3444071003],
    [870, 13, 298, "RSpec/ExampleLength: Example has too many lines. [7/5]", 2196824741],
    [880, 13, 573, "RSpec/ExampleLength: Example has too many lines. [15/5]", 934012813],
    [898, 13, 324, "RSpec/ExampleLength: Example has too many lines. [7/5]", 1611538425],
    [908, 13, 434, "RSpec/ExampleLength: Example has too many lines. [7/5]", 1647656088],
    [909, 57, 7, "RSpec/MessageSpies: Prefer `have_received` for setting message expectations. Setup `TransactionableIceCream.logger` as a spy using `allow` or `instance_spy`.", 1384559950],
    [920, 9, 28, "RSpec/NestedGroups: Maximum example group nesting exceeded [5/3].", 3462398073],
    [920, 17, 20, "RSpec/ContextWording: Context description should match /^when\\b/, /^with\\b/, or /^without\\b/.", 2853302950],
    [927, 11, 253, "RSpec/ExampleLength: Example has too many lines. [6/5]", 1164222395],
    [936, 11, 512, "RSpec/ExampleLength: Example has too many lines. [14/5]", 4093069738],
    [954, 55, 7, "RSpec/MessageSpies: Prefer `have_received` for setting message expectations. Setup `TransactionableIceCream.logger` as a spy using `allow` or `instance_spy`.", 1384559950],
    [958, 11, 19, "RSpec/NestedGroups: Maximum example group nesting exceeded [6/3].", 2912876755],
    [965, 13, 24, "RSpec/MultipleExpectations: Example has too many expectations [2/1].", 254417773],
    [966, 61, 7, "RSpec/MessageSpies: Prefer `have_received` for setting message expectations. Setup `TransactionableIceCream.logger` as a spy using `allow` or `instance_spy`.", 1384559950],
    [974, 9, 20, "RSpec/NestedGroups: Maximum example group nesting exceeded [5/3].", 1511761934],
    [974, 17, 12, "RSpec/ContextWording: Context description should match /^when\\b/, /^with\\b/, or /^without\\b/.", 3386309265],
    [981, 11, 16, "RSpec/MultipleExpectations: Example has too many expectations [2/1].", 895714038],
    [982, 55, 7, "RSpec/MessageSpies: Prefer `have_received` for setting message expectations. Setup `TransactionableIceCream.logger` as a spy using `allow` or `instance_spy`.", 1384559950],
    [988, 11, 19, "RSpec/NestedGroups: Maximum example group nesting exceeded [6/3].", 2912876755],
    [991, 13, 324, "RSpec/ExampleLength: Example has too many lines. [8/5]", 3912930959],
    [1002, 13, 16, "RSpec/MultipleExpectations: Example has too many expectations [2/1].", 895714038],
    [1002, 13, 535, "RSpec/ExampleLength: Example has too many lines. [9/5]", 1031726628],
    [1003, 57, 7, "RSpec/MessageSpies: Prefer `have_received` for setting message expectations. Setup `TransactionableIceCream.logger` as a spy using `allow` or `instance_spy`.", 1384559950],
    [1016, 9, 28, "RSpec/NestedGroups: Maximum example group nesting exceeded [5/3].", 3173353092],
    [1016, 17, 20, "RSpec/ContextWording: Context description should match /^when\\b/, /^with\\b/, or /^without\\b/.", 3278105371],
    [1023, 11, 16, "RSpec/MultipleExpectations: Example has too many expectations [2/1].", 895714038],
    [1024, 55, 7, "RSpec/MessageSpies: Prefer `have_received` for setting message expectations. Setup `TransactionableIceCream.logger` as a spy using `allow` or `instance_spy`.", 1384559950],
    [1030, 11, 19, "RSpec/NestedGroups: Maximum example group nesting exceeded [6/3].", 2912876755],
    [1033, 13, 332, "RSpec/ExampleLength: Example has too many lines. [8/5]", 2579616773],
    [1044, 13, 16, "RSpec/MultipleExpectations: Example has too many expectations [2/1].", 895714038],
    [1044, 13, 544, "RSpec/ExampleLength: Example has too many lines. [9/5]", 648127853],
    [1045, 57, 7, "RSpec/MessageSpies: Prefer `have_received` for setting message expectations. Setup `TransactionableIceCream.logger` as a spy using `allow` or `instance_spy`.", 1384559950],
    [1058, 9, 19, "RSpec/NestedGroups: Maximum example group nesting exceeded [5/3].", 4211672168],
    [1058, 17, 11, "RSpec/ContextWording: Context description should match /^when\\b/, /^with\\b/, or /^without\\b/.", 2822593943],
    [1059, 11, 20, "RSpec/NestedGroups: Maximum example group nesting exceeded [6/3].", 3091488578],
    [1059, 19, 12, "RSpec/ContextWording: Context description should match /^when\\b/, /^with\\b/, or /^without\\b/.", 1406026333],
    [1071, 13, 462, "RSpec/ExampleLength: Example has too many lines. [10/5]", 3761718678],
    [1084, 13, 24, "RSpec/MultipleExpectations: Example has too many expectations [2/1].", 717748961],
    [1085, 57, 7, "RSpec/MessageSpies: Prefer `have_received` for setting message expectations. Setup `TransactionableIceCream.logger` as a spy using `allow` or `instance_spy`.", 1384559950],
    [1086, 57, 7, "RSpec/MessageSpies: Prefer `have_received` for setting message expectations. Setup `TransactionableIceCream.logger` as a spy using `allow` or `instance_spy`.", 1384559950],
    [1091, 11, 16, "RSpec/NestedGroups: Maximum example group nesting exceeded [6/3].", 2192760631],
    [1091, 19, 8, "RSpec/ContextWording: Context description should match /^when\\b/, /^with\\b/, or /^without\\b/.", 3640425704],
    [1092, 13, 21, "RSpec/NestedGroups: Maximum example group nesting exceeded [7/3].", 3481543373],
    [1092, 21, 13, "RSpec/ContextWording: Context description should match /^when\\b/, /^with\\b/, or /^without\\b/.", 345482290],
    [1100, 26, 7, "RSpec/NamedSubject: Name your test subject if you need to reference it explicitly.", 1892732441],
    [1104, 24, 7, "RSpec/NamedSubject: Name your test subject if you need to reference it explicitly.", 1892732441],
    [1107, 15, 366, "RSpec/ExampleLength: Example has too many lines. [9/5]", 2559724949],
    [1108, 24, 7, "RSpec/NamedSubject: Name your test subject if you need to reference it explicitly.", 1892732441],
    [1119, 15, 24, "RSpec/MultipleExpectations: Example has too many expectations [2/1].", 717748961],
    [1120, 59, 7, "RSpec/MessageSpies: Prefer `have_received` for setting message expectations. Setup `TransactionableIceCream.logger` as a spy using `allow` or `instance_spy`.", 1384559950],
    [1121, 59, 7, "RSpec/MessageSpies: Prefer `have_received` for setting message expectations. Setup `TransactionableIceCream.logger` as a spy using `allow` or `instance_spy`.", 1384559950],
    [1122, 17, 7, "RSpec/NamedSubject: Name your test subject if you need to reference it explicitly.", 1892732441],
    [1126, 13, 21, "RSpec/NestedGroups: Maximum example group nesting exceeded [7/3].", 2481672522],
    [1126, 21, 13, "RSpec/ContextWording: Context description should match /^when\\b/, /^with\\b/, or /^without\\b/.", 240891317],
    [1134, 26, 7, "RSpec/NamedSubject: Name your test subject if you need to reference it explicitly.", 1892732441],
    [1138, 24, 7, "RSpec/NamedSubject: Name your test subject if you need to reference it explicitly.", 1892732441],
    [1141, 15, 367, "RSpec/ExampleLength: Example has too many lines. [9/5]", 2559724949],
    [1142, 24, 7, "RSpec/NamedSubject: Name your test subject if you need to reference it explicitly.", 1892732441],
    [1156, 9, 27, "RSpec/NestedGroups: Maximum example group nesting exceeded [5/3].", 639121698],
    [1156, 17, 19, "RSpec/ContextWording: Context description should match /^when\\b/, /^with\\b/, or /^without\\b/.", 715593693],
    [1157, 11, 20, "RSpec/NestedGroups: Maximum example group nesting exceeded [6/3].", 3091488578],
    [1157, 19, 12, "RSpec/ContextWording: Context description should match /^when\\b/, /^with\\b/, or /^without\\b/.", 1406026333],
    [1172, 13, 520, "RSpec/ExampleLength: Example has too many lines. [13/5]", 1294677184],
    [1188, 13, 24, "RSpec/MultipleExpectations: Example has too many expectations [2/1].", 717748961],
    [1189, 57, 7, "RSpec/MessageSpies: Prefer `have_received` for setting message expectations. Setup `TransactionableIceCream.logger` as a spy using `allow` or `instance_spy`.", 1384559950],
    [1190, 57, 7, "RSpec/MessageSpies: Prefer `have_received` for setting message expectations. Setup `TransactionableIceCream.logger` as a spy using `allow` or `instance_spy`.", 1384559950],
    [1195, 11, 16, "RSpec/NestedGroups: Maximum example group nesting exceeded [6/3].", 2192760631],
    [1195, 19, 8, "RSpec/ContextWording: Context description should match /^when\\b/, /^with\\b/, or /^without\\b/.", 3640425704],
    [1196, 13, 21, "RSpec/NestedGroups: Maximum example group nesting exceeded [7/3].", 2481672522],
    [1196, 21, 13, "RSpec/ContextWording: Context description should match /^when\\b/, /^with\\b/, or /^without\\b/.", 240891317],
    [1204, 26, 7, "RSpec/NamedSubject: Name your test subject if you need to reference it explicitly.", 1892732441],
    [1208, 24, 7, "RSpec/NamedSubject: Name your test subject if you need to reference it explicitly.", 1892732441],
    [1211, 15, 368, "RSpec/ExampleLength: Example has too many lines. [9/5]", 2559724949],
    [1212, 24, 7, "RSpec/NamedSubject: Name your test subject if you need to reference it explicitly.", 1892732441],
    [1224, 13, 21, "RSpec/NestedGroups: Maximum example group nesting exceeded [7/3].", 3481543373],
    [1224, 21, 13, "RSpec/ContextWording: Context description should match /^when\\b/, /^with\\b/, or /^without\\b/.", 345482290],
    [1232, 26, 7, "RSpec/NamedSubject: Name your test subject if you need to reference it explicitly.", 1892732441],
    [1236, 24, 7, "RSpec/NamedSubject: Name your test subject if you need to reference it explicitly.", 1892732441],
    [1239, 15, 367, "RSpec/ExampleLength: Example has too many lines. [9/5]", 2559724949],
    [1240, 24, 7, "RSpec/NamedSubject: Name your test subject if you need to reference it explicitly.", 1892732441],
    [1251, 15, 24, "RSpec/MultipleExpectations: Example has too many expectations [2/1].", 717748961],
    [1252, 59, 7, "RSpec/MessageSpies: Prefer `have_received` for setting message expectations. Setup `TransactionableIceCream.logger` as a spy using `allow` or `instance_spy`.", 1384559950],
    [1253, 59, 7, "RSpec/MessageSpies: Prefer `have_received` for setting message expectations. Setup `TransactionableIceCream.logger` as a spy using `allow` or `instance_spy`.", 1384559950],
    [1254, 17, 7, "RSpec/NamedSubject: Name your test subject if you need to reference it explicitly.", 1892732441],
    [1260, 9, 31, "RSpec/NestedGroups: Maximum example group nesting exceeded [5/3].", 2879458620],
    [1260, 17, 23, "RSpec/ContextWording: Context description should match /^when\\b/, /^with\\b/, or /^without\\b/.", 659238083],
    [1261, 11, 315, "RSpec/ExampleLength: Example has too many lines. [7/5]", 1709632714],
    [1271, 11, 263, "RSpec/ExampleLength: Example has too many lines. [6/5]", 3806413831],
    [1280, 11, 535, "RSpec/ExampleLength: Example has too many lines. [14/5]", 3335254692],
    [1297, 11, 52, "RSpec/NestedGroups: Maximum example group nesting exceeded [6/3].", 3653288714],
    [1297, 19, 44, "RSpec/ContextWording: Context description should match /^when\\b/, /^with\\b/, or /^without\\b/.", 452861205],
    [1298, 13, 37, "RSpec/MultipleExpectations: Example has too many expectations [2/1].", 3832307933],
    [1299, 57, 7, "RSpec/MessageSpies: Prefer `have_received` for setting message expectations. Setup `TransactionableIceCream.logger` as a spy using `allow` or `instance_spy`.", 1384559950],
    [1306, 11, 35, "RSpec/NestedGroups: Maximum example group nesting exceeded [6/3].", 2283562938],
    [1306, 19, 27, "RSpec/ContextWording: Context description should match /^when\\b/, /^with\\b/, or /^without\\b/.", 4057671621],
    [1307, 13, 37, "RSpec/MultipleExpectations: Example has too many expectations [2/1].", 1854655842],
    [1308, 57, 7, "RSpec/MessageSpies: Prefer `have_received` for setting message expectations. Setup `TransactionableIceCream.logger` as a spy using `allow` or `instance_spy`.", 1384559950],
    [1309, 57, 7, "RSpec/MessageSpies: Prefer `have_received` for setting message expectations. Setup `TransactionableIceCream.logger` as a spy using `allow` or `instance_spy`.", 1384559950],
    [1314, 11, 35, "RSpec/NestedGroups: Maximum example group nesting exceeded [6/3].", 3617423632],
    [1314, 19, 27, "RSpec/ContextWording: Context description should match /^when\\b/, /^with\\b/, or /^without\\b/.", 1304293231],
    [1315, 13, 37, "RSpec/MultipleExpectations: Example has too many expectations [2/1].", 1854655842],
    [1315, 13, 615, "RSpec/ExampleLength: Example has too many lines. [7/5]", 3287277865],
    [1316, 57, 7, "RSpec/MessageSpies: Prefer `have_received` for setting message expectations. Setup `TransactionableIceCream.logger` as a spy using `allow` or `instance_spy`.", 1384559950],
    [1317, 57, 7, "RSpec/MessageSpies: Prefer `have_received` for setting message expectations. Setup `TransactionableIceCream.logger` as a spy using `allow` or `instance_spy`.", 1384559950],
    [1326, 11, 27, "RSpec/NestedGroups: Maximum example group nesting exceeded [6/3].", 639121698],
    [1326, 19, 19, "RSpec/ContextWording: Context description should match /^when\\b/, /^with\\b/, or /^without\\b/.", 715593693],
    [1327, 13, 20, "RSpec/NestedGroups: Maximum example group nesting exceeded [7/3].", 3091488578],
    [1327, 21, 12, "RSpec/ContextWording: Context description should match /^when\\b/, /^with\\b/, or /^without\\b/.", 1406026333],
    [1328, 15, 329, "RSpec/ExampleLength: Example has too many lines. [7/5]", 4217785323],
    [1338, 15, 309, "RSpec/ExampleLength: Example has too many lines. [6/5]", 4011949041],
    [1347, 15, 616, "RSpec/ExampleLength: Example has too many lines. [14/5]", 3344298136],
    [1364, 15, 52, "RSpec/NestedGroups: Maximum example group nesting exceeded [8/3].", 3653288714],
    [1364, 23, 44, "RSpec/ContextWording: Context description should match /^when\\b/, /^with\\b/, or /^without\\b/.", 452861205],
    [1365, 17, 37, "RSpec/MultipleExpectations: Example has too many expectations [2/1].", 3832307933],
    [1366, 61, 7, "RSpec/MessageSpies: Prefer `have_received` for setting message expectations. Setup `TransactionableIceCream.logger` as a spy using `allow` or `instance_spy`.", 1384559950]
  ],
  "spec/support/plain_vanilla_ice_cream.rb:2555765475": [
    [3, 5, 30, "ThreadSafety/ClassAndModuleAttributes: Avoid mutating class and module attributes.", 2826428486]
  ]
}
