{
  "spec/activerecord/transactionable_spec.rb:327340300": [
    [10, 3, 38, "RSpec/LeakyConstantDeclaration: Stub class constant instead of declaring explicitly.", 1427426275],
    [12, 3, 39, "RSpec/LeakyConstantDeclaration: Stub class constant instead of declaring explicitly.", 1015012529],
    [14, 3, 41, "RSpec/LeakyConstantDeclaration: Stub class constant instead of declaring explicitly.", 3707835831],
    [16, 3, 746, "RSpec/LeakyConstantDeclaration: Stub class constant instead of declaring explicitly.", 254696731],
    [24, 5, 57, "Style/ClassMethodsDefinitions: Use `class << self` to define a class method.", 2678400454],
    [32, 5, 45, "Style/ClassMethodsDefinitions: Use `class << self` to define a class method.", 3981771342],
    [41, 5, 67, "Style/ClassMethodsDefinitions: Use `class << self` to define a class method.", 3408663461],
    [49, 5, 56, "Style/ClassMethodsDefinitions: Use `class << self` to define a class method.", 3780010800],
    [50, 7, 7, "ThreadSafety/InstanceVariableInClassMethod: Avoid instance variables in class methods.", 842193521],
    [53, 5, 134, "Style/ClassMethodsDefinitions: Use `class << self` to define a class method.", 266726913],
    [54, 20, 7, "RSpec/InstanceVariable: Avoid instance variables - use let, a method call, or a local variable (if possible).", 842193521],
    [54, 20, 7, "ThreadSafety/InstanceVariableInClassMethod: Avoid instance variables in class methods.", 842193521],
    [55, 7, 7, "ThreadSafety/InstanceVariableInClassMethod: Avoid instance variables in class methods.", 842193521],
    [57, 7, 7, "ThreadSafety/InstanceVariableInClassMethod: Avoid instance variables in class methods.", 842193521],
    [61, 3, 1283, "RSpec/LeakyConstantDeclaration: Stub class constant instead of declaring explicitly.", 4133608299],
    [84, 5, 116, "Style/ClassMethodsDefinitions: Use `class << self` to define a class method.", 875176006],
    [90, 5, 112, "Style/ClassMethodsDefinitions: Use `class << self` to define a class method.", 1151715806],
    [96, 5, 271, "Style/ClassMethodsDefinitions: Use `class << self` to define a class method.", 564333895],
    [106, 5, 147, "Style/ClassMethodsDefinitions: Use `class << self` to define a class method.", 148507851],
    [118, 5, 56, "Style/ClassMethodsDefinitions: Use `class << self` to define a class method.", 3780010800],
    [119, 7, 7, "ThreadSafety/InstanceVariableInClassMethod: Avoid instance variables in class methods.", 842193521],
    [123, 11, 28, "RSpec/ContextWording: Context description should match /^when\\b/, /^with\\b/, or /^without\\b/.", 4065370886],
    [133, 37, 2, "RSpec/BeEq: Prefer `be` over `eq`.", 5860785],
    [136, 7, 19, "RSpec/NestedGroups: Maximum example group nesting exceeded [4/3].", 2902812180],
    [143, 7, 19, "RSpec/NestedGroups: Maximum example group nesting exceeded [4/3].", 2902811951],
    [150, 7, 27, "RSpec/NestedGroups: Maximum example group nesting exceeded [4/3].", 3828478380],
    [160, 7, 44, "RSpec/NestedGroups: Maximum example group nesting exceeded [4/3].", 682221552],
    [179, 7, 27, "RSpec/NestedGroups: Maximum example group nesting exceeded [4/3].", 1362582053],
    [198, 9, 318, "RSpec/ExampleLength: Example has too many lines. [9/5]", 1858925253],
    [213, 11, 28, "RSpec/ContextWording: Context description should match /^when\\b/, /^with\\b/, or /^without\\b/.", 948841545],
    [234, 37, 2, "RSpec/BeEq: Prefer `be` over `eq`.", 5860785],
    [244, 11, 33, "RSpec/ContextWording: Context description should match /^when\\b/, /^with\\b/, or /^without\\b/.", 981636291],
    [267, 7, 386, "RSpec/ExampleLength: Example has too many lines. [10/5]", 3175877837],
    [288, 51, 7, "RSpec/MessageSpies: Prefer `have_received` for setting message expectations. Setup `TransactionableIceCream.logger` as a spy using `allow` or `instance_spy`.", 1384559950],
    [292, 7, 19, "RSpec/NestedGroups: Maximum example group nesting exceeded [4/3].", 2912876755],
    [304, 9, 420, "RSpec/ExampleLength: Example has too many lines. [10/5]", 205805094],
    [324, 9, 402, "RSpec/ExampleLength: Example has too many lines. [7/5]", 205121176],
    [325, 53, 7, "RSpec/MessageSpies: Prefer `have_received` for setting message expectations. Setup `TransactionableIceCream.logger` as a spy using `allow` or `instance_spy`.", 1384559950],
    [337, 11, 35, "RSpec/ContextWording: Context description should match /^when\\b/, /^with\\b/, or /^without\\b/.", 1604156303],
    [347, 7, 24, "RSpec/NestedGroups: Maximum example group nesting exceeded [4/3].", 1236445221],
    [347, 15, 16, "RSpec/ContextWording: Context description should match /^when\\b/, /^with\\b/, or /^without\\b/.", 3947873018],
    [359, 9, 424, "RSpec/ExampleLength: Example has too many lines. [10/5]", 2443005158],
    [378, 9, 19, "RSpec/NestedGroups: Maximum example group nesting exceeded [5/3].", 2912876755],
    [385, 11, 256, "RSpec/ExampleLength: Example has too many lines. [6/5]", 1515990794],
    [394, 11, 515, "RSpec/ExampleLength: Example has too many lines. [14/5]", 1268430427],
    [418, 9, 20, "RSpec/NestedGroups: Maximum example group nesting exceeded [5/3].", 1511761934],
    [418, 17, 12, "RSpec/ContextWording: Context description should match /^when\\b/, /^with\\b/, or /^without\\b/.", 3386309265],
    [425, 11, 16, "RSpec/MultipleExpectations: Example has too many expectations [2/1].", 895714038],
    [426, 55, 7, "RSpec/MessageSpies: Prefer `have_received` for setting message expectations. Setup `TransactionableIceCream.logger` as a spy using `allow` or `instance_spy`.", 1384559950],
    [432, 11, 19, "RSpec/NestedGroups: Maximum example group nesting exceeded [6/3].", 2912876755],
    [433, 13, 294, "RSpec/ExampleLength: Example has too many lines. [7/5]", 2813403954],
    [443, 13, 16, "RSpec/MultipleExpectations: Example has too many expectations [2/1].", 895714038],
    [443, 13, 505, "RSpec/ExampleLength: Example has too many lines. [8/5]", 3934210611],
    [444, 57, 7, "RSpec/MessageSpies: Prefer `have_received` for setting message expectations. Setup `TransactionableIceCream.logger` as a spy using `allow` or `instance_spy`.", 1384559950],
    [456, 9, 28, "RSpec/NestedGroups: Maximum example group nesting exceeded [5/3].", 3173353092],
    [456, 17, 20, "RSpec/ContextWording: Context description should match /^when\\b/, /^with\\b/, or /^without\\b/.", 3278105371],
    [463, 11, 16, "RSpec/MultipleExpectations: Example has too many expectations [2/1].", 895714038],
    [464, 55, 7, "RSpec/MessageSpies: Prefer `have_received` for setting message expectations. Setup `TransactionableIceCream.logger` as a spy using `allow` or `instance_spy`.", 1384559950],
    [470, 11, 19, "RSpec/NestedGroups: Maximum example group nesting exceeded [6/3].", 2912876755],
    [471, 13, 302, "RSpec/ExampleLength: Example has too many lines. [7/5]", 1527522610],
    [481, 13, 16, "RSpec/MultipleExpectations: Example has too many expectations [2/1].", 895714038],
    [481, 13, 514, "RSpec/ExampleLength: Example has too many lines. [8/5]", 3911504046],
    [482, 57, 7, "RSpec/MessageSpies: Prefer `have_received` for setting message expectations. Setup `TransactionableIceCream.logger` as a spy using `allow` or `instance_spy`.", 1384559950],
    [494, 9, 19, "RSpec/NestedGroups: Maximum example group nesting exceeded [5/3].", 4211672168],
    [494, 17, 11, "RSpec/ContextWording: Context description should match /^when\\b/, /^with\\b/, or /^without\\b/.", 2822593943],
    [495, 11, 20, "RSpec/NestedGroups: Maximum example group nesting exceeded [6/3].", 3091488578],
    [495, 19, 12, "RSpec/ContextWording: Context description should match /^when\\b/, /^with\\b/, or /^without\\b/.", 1406026333],
    [507, 13, 466, "RSpec/ExampleLength: Example has too many lines. [10/5]", 2471300964],
    [520, 13, 24, "RSpec/MultipleExpectations: Example has too many expectations [2/1].", 717748961],
    [521, 57, 7, "RSpec/MessageSpies: Prefer `have_received` for setting message expectations. Setup `TransactionableIceCream.logger` as a spy using `allow` or `instance_spy`.", 1384559950],
    [522, 57, 7, "RSpec/MessageSpies: Prefer `have_received` for setting message expectations. Setup `TransactionableIceCream.logger` as a spy using `allow` or `instance_spy`.", 1384559950],
    [526, 13, 19, "RSpec/NestedGroups: Maximum example group nesting exceeded [7/3].", 2912876755],
    [527, 15, 309, "RSpec/ExampleLength: Example has too many lines. [7/5]", 1142022441],
    [537, 15, 286, "RSpec/ExampleLength: Example has too many lines. [6/5]", 3830655186],
    [546, 15, 573, "RSpec/ExampleLength: Example has too many lines. [14/5]", 2815639898],
    [563, 15, 24, "RSpec/MultipleExpectations: Example has too many expectations [2/1].", 717748961],
    [563, 15, 632, "RSpec/ExampleLength: Example has too many lines. [7/5]", 1753302291],
    [564, 59, 7, "RSpec/MessageSpies: Prefer `have_received` for setting message expectations. Setup `TransactionableIceCream.logger` as a spy using `allow` or `instance_spy`.", 1384559950],
    [565, 59, 7, "RSpec/MessageSpies: Prefer `have_received` for setting message expectations. Setup `TransactionableIceCream.logger` as a spy using `allow` or `instance_spy`.", 1384559950],
    [575, 11, 16, "RSpec/NestedGroups: Maximum example group nesting exceeded [6/3].", 2192760631],
    [575, 19, 8, "RSpec/ContextWording: Context description should match /^when\\b/, /^with\\b/, or /^without\\b/.", 3640425704],
    [576, 13, 21, "RSpec/NestedGroups: Maximum example group nesting exceeded [7/3].", 3481543373],
    [576, 21, 13, "RSpec/ContextWording: Context description should match /^when\\b/, /^with\\b/, or /^without\\b/.", 345482290],
    [584, 26, 7, "RSpec/NamedSubject: Name your test subject if you need to reference it explicitly.", 1892732441],
    [588, 24, 7, "RSpec/NamedSubject: Name your test subject if you need to reference it explicitly.", 1892732441],
    [591, 15, 366, "RSpec/ExampleLength: Example has too many lines. [9/5]", 2559724949],
    [592, 24, 7, "RSpec/NamedSubject: Name your test subject if you need to reference it explicitly.", 1892732441],
    [603, 15, 24, "RSpec/MultipleExpectations: Example has too many expectations [2/1].", 717748961],
    [604, 59, 7, "RSpec/MessageSpies: Prefer `have_received` for setting message expectations. Setup `TransactionableIceCream.logger` as a spy using `allow` or `instance_spy`.", 1384559950],
    [605, 59, 7, "RSpec/MessageSpies: Prefer `have_received` for setting message expectations. Setup `TransactionableIceCream.logger` as a spy using `allow` or `instance_spy`.", 1384559950],
    [606, 17, 7, "RSpec/NamedSubject: Name your test subject if you need to reference it explicitly.", 1892732441],
    [609, 15, 19, "RSpec/NestedGroups: Maximum example group nesting exceeded [8/3].", 2912876755],
    [621, 28, 7, "RSpec/NamedSubject: Name your test subject if you need to reference it explicitly.", 1892732441],
    [624, 40, 7, "RSpec/NamedSubject: Name your test subject if you need to reference it explicitly.", 1892732441],
    [626, 17, 386, "RSpec/ExampleLength: Example has too many lines. [9/5]", 1031183637],
    [627, 26, 7, "RSpec/NamedSubject: Name your test subject if you need to reference it explicitly.", 1892732441],
    [638, 17, 24, "RSpec/MultipleExpectations: Example has too many expectations [2/1].", 717748961],
    [639, 61, 7, "RSpec/MessageSpies: Prefer `have_received` for setting message expectations. Setup `TransactionableIceCream.logger` as a spy using `allow` or `instance_spy`.", 1384559950],
    [640, 61, 7, "RSpec/MessageSpies: Prefer `have_received` for setting message expectations. Setup `TransactionableIceCream.logger` as a spy using `allow` or `instance_spy`.", 1384559950],
    [641, 19, 7, "RSpec/NamedSubject: Name your test subject if you need to reference it explicitly.", 1892732441],
    [646, 13, 21, "RSpec/NestedGroups: Maximum example group nesting exceeded [7/3].", 2481672522],
    [646, 21, 13, "RSpec/ContextWording: Context description should match /^when\\b/, /^with\\b/, or /^without\\b/.", 240891317],
    [654, 26, 7, "RSpec/NamedSubject: Name your test subject if you need to reference it explicitly.", 1892732441],
    [658, 24, 7, "RSpec/NamedSubject: Name your test subject if you need to reference it explicitly.", 1892732441],
    [661, 15, 367, "RSpec/ExampleLength: Example has too many lines. [9/5]", 2559724949],
    [662, 24, 7, "RSpec/NamedSubject: Name your test subject if you need to reference it explicitly.", 1892732441],
    [673, 15, 19, "RSpec/NestedGroups: Maximum example group nesting exceeded [8/3].", 2912876755],
    [681, 28, 7, "RSpec/NamedSubject: Name your test subject if you need to reference it explicitly.", 1892732441],
    [684, 40, 7, "RSpec/NamedSubject: Name your test subject if you need to reference it explicitly.", 1892732441],
    [686, 17, 387, "RSpec/ExampleLength: Example has too many lines. [9/5]", 3964288917],
    [687, 26, 7, "RSpec/NamedSubject: Name your test subject if you need to reference it explicitly.", 1892732441],
    [698, 17, 24, "RSpec/MultipleExpectations: Example has too many expectations [2/1].", 717748961],
    [699, 61, 7, "RSpec/MessageSpies: Prefer `have_received` for setting message expectations. Setup `TransactionableIceCream.logger` as a spy using `allow` or `instance_spy`.", 1384559950],
    [700, 61, 7, "RSpec/MessageSpies: Prefer `have_received` for setting message expectations. Setup `TransactionableIceCream.logger` as a spy using `allow` or `instance_spy`.", 1384559950],
    [701, 19, 7, "RSpec/NamedSubject: Name your test subject if you need to reference it explicitly.", 1892732441],
    [708, 9, 27, "RSpec/NestedGroups: Maximum example group nesting exceeded [5/3].", 639121698],
    [708, 17, 19, "RSpec/ContextWording: Context description should match /^when\\b/, /^with\\b/, or /^without\\b/.", 715593693],
    [709, 11, 20, "RSpec/NestedGroups: Maximum example group nesting exceeded [6/3].", 3091488578],
    [709, 19, 12, "RSpec/ContextWording: Context description should match /^when\\b/, /^with\\b/, or /^without\\b/.", 1406026333],
    [724, 13, 524, "RSpec/ExampleLength: Example has too many lines. [13/5]", 2166940018],
    [740, 13, 24, "RSpec/MultipleExpectations: Example has too many expectations [2/1].", 717748961],
    [741, 57, 7, "RSpec/MessageSpies: Prefer `have_received` for setting message expectations. Setup `TransactionableIceCream.logger` as a spy using `allow` or `instance_spy`.", 1384559950],
    [742, 57, 7, "RSpec/MessageSpies: Prefer `have_received` for setting message expectations. Setup `TransactionableIceCream.logger` as a spy using `allow` or `instance_spy`.", 1384559950],
    [746, 13, 19, "RSpec/NestedGroups: Maximum example group nesting exceeded [7/3].", 2912876755],
    [747, 15, 317, "RSpec/ExampleLength: Example has too many lines. [7/5]", 1142022441],
    [757, 15, 294, "RSpec/ExampleLength: Example has too many lines. [6/5]", 533126424],
    [766, 15, 582, "RSpec/ExampleLength: Example has too many lines. [14/5]", 2029389392],
    [783, 15, 24, "RSpec/MultipleExpectations: Example has too many expectations [2/1].", 717748961],
    [783, 15, 642, "RSpec/ExampleLength: Example has too many lines. [7/5]", 63245331],
    [784, 59, 7, "RSpec/MessageSpies: Prefer `have_received` for setting message expectations. Setup `TransactionableIceCream.logger` as a spy using `allow` or `instance_spy`.", 1384559950],
    [785, 59, 7, "RSpec/MessageSpies: Prefer `have_received` for setting message expectations. Setup `TransactionableIceCream.logger` as a spy using `allow` or `instance_spy`.", 1384559950],
    [795, 11, 16, "RSpec/NestedGroups: Maximum example group nesting exceeded [6/3].", 2192760631],
    [795, 19, 8, "RSpec/ContextWording: Context description should match /^when\\b/, /^with\\b/, or /^without\\b/.", 3640425704],
    [796, 13, 21, "RSpec/NestedGroups: Maximum example group nesting exceeded [7/3].", 2481672522],
    [796, 21, 13, "RSpec/ContextWording: Context description should match /^when\\b/, /^with\\b/, or /^without\\b/.", 240891317],
    [804, 26, 7, "RSpec/NamedSubject: Name your test subject if you need to reference it explicitly.", 1892732441],
    [808, 24, 7, "RSpec/NamedSubject: Name your test subject if you need to reference it explicitly.", 1892732441],
    [811, 15, 368, "RSpec/ExampleLength: Example has too many lines. [9/5]", 2559724949],
    [812, 24, 7, "RSpec/NamedSubject: Name your test subject if you need to reference it explicitly.", 1892732441],
    [823, 15, 19, "RSpec/NestedGroups: Maximum example group nesting exceeded [8/3].", 2912876755],
    [831, 28, 7, "RSpec/NamedSubject: Name your test subject if you need to reference it explicitly.", 1892732441],
    [834, 40, 7, "RSpec/NamedSubject: Name your test subject if you need to reference it explicitly.", 1892732441],
    [836, 17, 388, "RSpec/ExampleLength: Example has too many lines. [9/5]", 1972515349],
    [837, 26, 7, "RSpec/NamedSubject: Name your test subject if you need to reference it explicitly.", 1892732441],
    [848, 17, 24, "RSpec/MultipleExpectations: Example has too many expectations [2/1].", 717748961],
    [849, 61, 7, "RSpec/MessageSpies: Prefer `have_received` for setting message expectations. Setup `TransactionableIceCream.logger` as a spy using `allow` or `instance_spy`.", 1384559950],
    [850, 61, 7, "RSpec/MessageSpies: Prefer `have_received` for setting message expectations. Setup `TransactionableIceCream.logger` as a spy using `allow` or `instance_spy`.", 1384559950],
    [851, 19, 7, "RSpec/NamedSubject: Name your test subject if you need to reference it explicitly.", 1892732441],
    [856, 13, 21, "RSpec/NestedGroups: Maximum example group nesting exceeded [7/3].", 3481543373],
    [856, 21, 13, "RSpec/ContextWording: Context description should match /^when\\b/, /^with\\b/, or /^without\\b/.", 345482290],
    [864, 26, 7, "RSpec/NamedSubject: Name your test subject if you need to reference it explicitly.", 1892732441],
    [868, 24, 7, "RSpec/NamedSubject: Name your test subject if you need to reference it explicitly.", 1892732441],
    [871, 15, 367, "RSpec/ExampleLength: Example has too many lines. [9/5]", 2559724949],
    [872, 24, 7, "RSpec/NamedSubject: Name your test subject if you need to reference it explicitly.", 1892732441],
    [883, 15, 24, "RSpec/MultipleExpectations: Example has too many expectations [2/1].", 717748961],
    [884, 59, 7, "RSpec/MessageSpies: Prefer `have_received` for setting message expectations. Setup `TransactionableIceCream.logger` as a spy using `allow` or `instance_spy`.", 1384559950],
    [885, 59, 7, "RSpec/MessageSpies: Prefer `have_received` for setting message expectations. Setup `TransactionableIceCream.logger` as a spy using `allow` or `instance_spy`.", 1384559950],
    [886, 17, 7, "RSpec/NamedSubject: Name your test subject if you need to reference it explicitly.", 1892732441],
    [889, 15, 19, "RSpec/NestedGroups: Maximum example group nesting exceeded [8/3].", 2912876755],
    [901, 28, 7, "RSpec/NamedSubject: Name your test subject if you need to reference it explicitly.", 1892732441],
    [904, 40, 7, "RSpec/NamedSubject: Name your test subject if you need to reference it explicitly.", 1892732441],
    [906, 17, 387, "RSpec/ExampleLength: Example has too many lines. [9/5]", 3964288917],
    [907, 26, 7, "RSpec/NamedSubject: Name your test subject if you need to reference it explicitly.", 1892732441],
    [918, 17, 24, "RSpec/MultipleExpectations: Example has too many expectations [2/1].", 717748961],
    [919, 61, 7, "RSpec/MessageSpies: Prefer `have_received` for setting message expectations. Setup `TransactionableIceCream.logger` as a spy using `allow` or `instance_spy`.", 1384559950],
    [920, 61, 7, "RSpec/MessageSpies: Prefer `have_received` for setting message expectations. Setup `TransactionableIceCream.logger` as a spy using `allow` or `instance_spy`.", 1384559950],
    [921, 19, 7, "RSpec/NamedSubject: Name your test subject if you need to reference it explicitly.", 1892732441],
    [929, 7, 21, "RSpec/NestedGroups: Maximum example group nesting exceeded [4/3].", 2459101762],
    [929, 15, 13, "RSpec/ContextWording: Context description should match /^when\\b/, /^with\\b/, or /^without\\b/.", 1190649021],
    [930, 9, 30, "RSpec/NestedGroups: Maximum example group nesting exceeded [5/3].", 1164546554],
    [939, 11, 256, "RSpec/ExampleLength: Example has too many lines. [6/5]", 1265094949],
    [948, 11, 515, "RSpec/ExampleLength: Example has too many lines. [14/5]", 2590711828],
    [971, 55, 7, "RSpec/MessageSpies: Prefer `have_received` for setting message expectations. Setup `TransactionableIceCream.logger` as a spy using `allow` or `instance_spy`.", 1384559950],
    [975, 11, 19, "RSpec/NestedGroups: Maximum example group nesting exceeded [6/3].", 2912876755],
    [976, 13, 321, "RSpec/ExampleLength: Example has too many lines. [8/5]", 3444071003],
    [987, 13, 298, "RSpec/ExampleLength: Example has too many lines. [7/5]", 2196824741],
    [997, 13, 573, "RSpec/ExampleLength: Example has too many lines. [15/5]", 934012813],
    [1015, 13, 324, "RSpec/ExampleLength: Example has too many lines. [7/5]", 1611538425],
    [1025, 13, 434, "RSpec/ExampleLength: Example has too many lines. [7/5]", 1647656088],
    [1026, 57, 7, "RSpec/MessageSpies: Prefer `have_received` for setting message expectations. Setup `TransactionableIceCream.logger` as a spy using `allow` or `instance_spy`.", 1384559950],
    [1037, 9, 28, "RSpec/NestedGroups: Maximum example group nesting exceeded [5/3].", 3462398073],
    [1037, 17, 20, "RSpec/ContextWording: Context description should match /^when\\b/, /^with\\b/, or /^without\\b/.", 2853302950],
    [1044, 11, 253, "RSpec/ExampleLength: Example has too many lines. [6/5]", 1164222395],
    [1053, 11, 512, "RSpec/ExampleLength: Example has too many lines. [14/5]", 4093069738],
    [1071, 55, 7, "RSpec/MessageSpies: Prefer `have_received` for setting message expectations. Setup `TransactionableIceCream.logger` as a spy using `allow` or `instance_spy`.", 1384559950],
    [1075, 11, 19, "RSpec/NestedGroups: Maximum example group nesting exceeded [6/3].", 2912876755],
    [1082, 13, 24, "RSpec/MultipleExpectations: Example has too many expectations [2/1].", 254417773],
    [1083, 61, 7, "RSpec/MessageSpies: Prefer `have_received` for setting message expectations. Setup `TransactionableIceCream.logger` as a spy using `allow` or `instance_spy`.", 1384559950],
    [1091, 9, 20, "RSpec/NestedGroups: Maximum example group nesting exceeded [5/3].", 1511761934],
    [1091, 17, 12, "RSpec/ContextWording: Context description should match /^when\\b/, /^with\\b/, or /^without\\b/.", 3386309265],
    [1098, 11, 16, "RSpec/MultipleExpectations: Example has too many expectations [2/1].", 895714038],
    [1099, 55, 7, "RSpec/MessageSpies: Prefer `have_received` for setting message expectations. Setup `TransactionableIceCream.logger` as a spy using `allow` or `instance_spy`.", 1384559950],
    [1105, 11, 19, "RSpec/NestedGroups: Maximum example group nesting exceeded [6/3].", 2912876755],
    [1108, 13, 324, "RSpec/ExampleLength: Example has too many lines. [8/5]", 3912930959],
    [1119, 13, 16, "RSpec/MultipleExpectations: Example has too many expectations [2/1].", 895714038],
    [1119, 13, 535, "RSpec/ExampleLength: Example has too many lines. [9/5]", 1031726628],
    [1120, 57, 7, "RSpec/MessageSpies: Prefer `have_received` for setting message expectations. Setup `TransactionableIceCream.logger` as a spy using `allow` or `instance_spy`.", 1384559950],
    [1133, 9, 28, "RSpec/NestedGroups: Maximum example group nesting exceeded [5/3].", 3173353092],
    [1133, 17, 20, "RSpec/ContextWording: Context description should match /^when\\b/, /^with\\b/, or /^without\\b/.", 3278105371],
    [1140, 11, 16, "RSpec/MultipleExpectations: Example has too many expectations [2/1].", 895714038],
    [1141, 55, 7, "RSpec/MessageSpies: Prefer `have_received` for setting message expectations. Setup `TransactionableIceCream.logger` as a spy using `allow` or `instance_spy`.", 1384559950],
    [1147, 11, 19, "RSpec/NestedGroups: Maximum example group nesting exceeded [6/3].", 2912876755],
    [1150, 13, 332, "RSpec/ExampleLength: Example has too many lines. [8/5]", 2579616773],
    [1161, 13, 16, "RSpec/MultipleExpectations: Example has too many expectations [2/1].", 895714038],
    [1161, 13, 544, "RSpec/ExampleLength: Example has too many lines. [9/5]", 648127853],
    [1162, 57, 7, "RSpec/MessageSpies: Prefer `have_received` for setting message expectations. Setup `TransactionableIceCream.logger` as a spy using `allow` or `instance_spy`.", 1384559950],
    [1175, 9, 19, "RSpec/NestedGroups: Maximum example group nesting exceeded [5/3].", 4211672168],
    [1175, 17, 11, "RSpec/ContextWording: Context description should match /^when\\b/, /^with\\b/, or /^without\\b/.", 2822593943],
    [1176, 11, 20, "RSpec/NestedGroups: Maximum example group nesting exceeded [6/3].", 3091488578],
    [1176, 19, 12, "RSpec/ContextWording: Context description should match /^when\\b/, /^with\\b/, or /^without\\b/.", 1406026333],
    [1188, 13, 462, "RSpec/ExampleLength: Example has too many lines. [10/5]", 3761718678],
    [1201, 13, 24, "RSpec/MultipleExpectations: Example has too many expectations [2/1].", 717748961],
    [1202, 57, 7, "RSpec/MessageSpies: Prefer `have_received` for setting message expectations. Setup `TransactionableIceCream.logger` as a spy using `allow` or `instance_spy`.", 1384559950],
    [1203, 57, 7, "RSpec/MessageSpies: Prefer `have_received` for setting message expectations. Setup `TransactionableIceCream.logger` as a spy using `allow` or `instance_spy`.", 1384559950],
    [1208, 11, 16, "RSpec/NestedGroups: Maximum example group nesting exceeded [6/3].", 2192760631],
    [1208, 19, 8, "RSpec/ContextWording: Context description should match /^when\\b/, /^with\\b/, or /^without\\b/.", 3640425704],
    [1209, 13, 21, "RSpec/NestedGroups: Maximum example group nesting exceeded [7/3].", 3481543373],
    [1209, 21, 13, "RSpec/ContextWording: Context description should match /^when\\b/, /^with\\b/, or /^without\\b/.", 345482290],
    [1217, 26, 7, "RSpec/NamedSubject: Name your test subject if you need to reference it explicitly.", 1892732441],
    [1221, 24, 7, "RSpec/NamedSubject: Name your test subject if you need to reference it explicitly.", 1892732441],
    [1224, 15, 366, "RSpec/ExampleLength: Example has too many lines. [9/5]", 2559724949],
    [1225, 24, 7, "RSpec/NamedSubject: Name your test subject if you need to reference it explicitly.", 1892732441],
    [1236, 15, 24, "RSpec/MultipleExpectations: Example has too many expectations [2/1].", 717748961],
    [1237, 59, 7, "RSpec/MessageSpies: Prefer `have_received` for setting message expectations. Setup `TransactionableIceCream.logger` as a spy using `allow` or `instance_spy`.", 1384559950],
    [1238, 59, 7, "RSpec/MessageSpies: Prefer `have_received` for setting message expectations. Setup `TransactionableIceCream.logger` as a spy using `allow` or `instance_spy`.", 1384559950],
    [1239, 17, 7, "RSpec/NamedSubject: Name your test subject if you need to reference it explicitly.", 1892732441],
    [1243, 13, 21, "RSpec/NestedGroups: Maximum example group nesting exceeded [7/3].", 2481672522],
    [1243, 21, 13, "RSpec/ContextWording: Context description should match /^when\\b/, /^with\\b/, or /^without\\b/.", 240891317],
    [1251, 26, 7, "RSpec/NamedSubject: Name your test subject if you need to reference it explicitly.", 1892732441],
    [1255, 24, 7, "RSpec/NamedSubject: Name your test subject if you need to reference it explicitly.", 1892732441],
    [1258, 15, 367, "RSpec/ExampleLength: Example has too many lines. [9/5]", 2559724949],
    [1259, 24, 7, "RSpec/NamedSubject: Name your test subject if you need to reference it explicitly.", 1892732441],
    [1273, 9, 27, "RSpec/NestedGroups: Maximum example group nesting exceeded [5/3].", 639121698],
    [1273, 17, 19, "RSpec/ContextWording: Context description should match /^when\\b/, /^with\\b/, or /^without\\b/.", 715593693],
    [1274, 11, 20, "RSpec/NestedGroups: Maximum example group nesting exceeded [6/3].", 3091488578],
    [1274, 19, 12, "RSpec/ContextWording: Context description should match /^when\\b/, /^with\\b/, or /^without\\b/.", 1406026333],
    [1289, 13, 520, "RSpec/ExampleLength: Example has too many lines. [13/5]", 1294677184],
    [1305, 13, 24, "RSpec/MultipleExpectations: Example has too many expectations [2/1].", 717748961],
    [1306, 57, 7, "RSpec/MessageSpies: Prefer `have_received` for setting message expectations. Setup `TransactionableIceCream.logger` as a spy using `allow` or `instance_spy`.", 1384559950],
    [1307, 57, 7, "RSpec/MessageSpies: Prefer `have_received` for setting message expectations. Setup `TransactionableIceCream.logger` as a spy using `allow` or `instance_spy`.", 1384559950],
    [1312, 11, 16, "RSpec/NestedGroups: Maximum example group nesting exceeded [6/3].", 2192760631],
    [1312, 19, 8, "RSpec/ContextWording: Context description should match /^when\\b/, /^with\\b/, or /^without\\b/.", 3640425704],
    [1313, 13, 21, "RSpec/NestedGroups: Maximum example group nesting exceeded [7/3].", 2481672522],
    [1313, 21, 13, "RSpec/ContextWording: Context description should match /^when\\b/, /^with\\b/, or /^without\\b/.", 240891317],
    [1321, 26, 7, "RSpec/NamedSubject: Name your test subject if you need to reference it explicitly.", 1892732441],
    [1325, 24, 7, "RSpec/NamedSubject: Name your test subject if you need to reference it explicitly.", 1892732441],
    [1328, 15, 368, "RSpec/ExampleLength: Example has too many lines. [9/5]", 2559724949],
    [1329, 24, 7, "RSpec/NamedSubject: Name your test subject if you need to reference it explicitly.", 1892732441],
    [1341, 13, 21, "RSpec/NestedGroups: Maximum example group nesting exceeded [7/3].", 3481543373],
    [1341, 21, 13, "RSpec/ContextWording: Context description should match /^when\\b/, /^with\\b/, or /^without\\b/.", 345482290],
    [1349, 26, 7, "RSpec/NamedSubject: Name your test subject if you need to reference it explicitly.", 1892732441],
    [1353, 24, 7, "RSpec/NamedSubject: Name your test subject if you need to reference it explicitly.", 1892732441],
    [1356, 15, 367, "RSpec/ExampleLength: Example has too many lines. [9/5]", 2559724949],
    [1357, 24, 7, "RSpec/NamedSubject: Name your test subject if you need to reference it explicitly.", 1892732441],
    [1368, 15, 24, "RSpec/MultipleExpectations: Example has too many expectations [2/1].", 717748961],
    [1369, 59, 7, "RSpec/MessageSpies: Prefer `have_received` for setting message expectations. Setup `TransactionableIceCream.logger` as a spy using `allow` or `instance_spy`.", 1384559950],
    [1370, 59, 7, "RSpec/MessageSpies: Prefer `have_received` for setting message expectations. Setup `TransactionableIceCream.logger` as a spy using `allow` or `instance_spy`.", 1384559950],
    [1371, 17, 7, "RSpec/NamedSubject: Name your test subject if you need to reference it explicitly.", 1892732441],
    [1377, 9, 31, "RSpec/NestedGroups: Maximum example group nesting exceeded [5/3].", 2879458620],
    [1377, 17, 23, "RSpec/ContextWording: Context description should match /^when\\b/, /^with\\b/, or /^without\\b/.", 659238083],
    [1378, 11, 315, "RSpec/ExampleLength: Example has too many lines. [7/5]", 1709632714],
    [1388, 11, 263, "RSpec/ExampleLength: Example has too many lines. [6/5]", 3806413831],
    [1397, 11, 535, "RSpec/ExampleLength: Example has too many lines. [14/5]", 3335254692],
    [1414, 11, 52, "RSpec/NestedGroups: Maximum example group nesting exceeded [6/3].", 3653288714],
    [1414, 19, 44, "RSpec/ContextWording: Context description should match /^when\\b/, /^with\\b/, or /^without\\b/.", 452861205],
    [1415, 13, 37, "RSpec/MultipleExpectations: Example has too many expectations [2/1].", 3832307933],
    [1416, 57, 7, "RSpec/MessageSpies: Prefer `have_received` for setting message expectations. Setup `TransactionableIceCream.logger` as a spy using `allow` or `instance_spy`.", 1384559950],
    [1423, 11, 35, "RSpec/NestedGroups: Maximum example group nesting exceeded [6/3].", 2283562938],
    [1423, 19, 27, "RSpec/ContextWording: Context description should match /^when\\b/, /^with\\b/, or /^without\\b/.", 4057671621],
    [1424, 13, 37, "RSpec/MultipleExpectations: Example has too many expectations [2/1].", 1854655842],
    [1425, 57, 7, "RSpec/MessageSpies: Prefer `have_received` for setting message expectations. Setup `TransactionableIceCream.logger` as a spy using `allow` or `instance_spy`.", 1384559950],
    [1426, 57, 7, "RSpec/MessageSpies: Prefer `have_received` for setting message expectations. Setup `TransactionableIceCream.logger` as a spy using `allow` or `instance_spy`.", 1384559950],
    [1431, 11, 35, "RSpec/NestedGroups: Maximum example group nesting exceeded [6/3].", 3617423632],
    [1431, 19, 27, "RSpec/ContextWording: Context description should match /^when\\b/, /^with\\b/, or /^without\\b/.", 1304293231],
    [1432, 13, 37, "RSpec/MultipleExpectations: Example has too many expectations [2/1].", 1854655842],
    [1432, 13, 615, "RSpec/ExampleLength: Example has too many lines. [7/5]", 3287277865],
    [1433, 57, 7, "RSpec/MessageSpies: Prefer `have_received` for setting message expectations. Setup `TransactionableIceCream.logger` as a spy using `allow` or `instance_spy`.", 1384559950],
    [1434, 57, 7, "RSpec/MessageSpies: Prefer `have_received` for setting message expectations. Setup `TransactionableIceCream.logger` as a spy using `allow` or `instance_spy`.", 1384559950],
    [1443, 11, 27, "RSpec/NestedGroups: Maximum example group nesting exceeded [6/3].", 639121698],
    [1443, 19, 19, "RSpec/ContextWording: Context description should match /^when\\b/, /^with\\b/, or /^without\\b/.", 715593693],
    [1444, 13, 20, "RSpec/NestedGroups: Maximum example group nesting exceeded [7/3].", 3091488578],
    [1444, 21, 12, "RSpec/ContextWording: Context description should match /^when\\b/, /^with\\b/, or /^without\\b/.", 1406026333],
    [1445, 15, 329, "RSpec/ExampleLength: Example has too many lines. [7/5]", 4217785323],
    [1455, 15, 309, "RSpec/ExampleLength: Example has too many lines. [6/5]", 4011949041],
    [1464, 15, 616, "RSpec/ExampleLength: Example has too many lines. [14/5]", 3344298136],
    [1481, 15, 52, "RSpec/NestedGroups: Maximum example group nesting exceeded [8/3].", 3653288714],
    [1481, 23, 44, "RSpec/ContextWording: Context description should match /^when\\b/, /^with\\b/, or /^without\\b/.", 452861205],
    [1482, 17, 37, "RSpec/MultipleExpectations: Example has too many expectations [2/1].", 3832307933],
    [1483, 61, 7, "RSpec/MessageSpies: Prefer `have_received` for setting message expectations. Setup `TransactionableIceCream.logger` as a spy using `allow` or `instance_spy`.", 1384559950]
  ]
}
